// !$*UTF8*$!
{
	archiveVersion = 1;
	classes = {
	};
	objectVersion = 52;
	objects = {

/* Begin PBXBuildFile section */
		3E00B18C25F7E51C00B1036F /* RuntimeFeedStoreTests.swift in Sources */ = {isa = PBXBuildFile; fileRef = 3E00B18B25F7E51C00B1036F /* RuntimeFeedStoreTests.swift */; };
		3E00B19325F7FBCC00B1036F /* RuntimeFeedStore.swift in Sources */ = {isa = PBXBuildFile; fileRef = 3E00B19225F7FBCC00B1036F /* RuntimeFeedStore.swift */; };
		3E0DA85E25EDF5F50051D4A3 /* LocalFeedLoader.swift in Sources */ = {isa = PBXBuildFile; fileRef = 3E0DA85D25EDF5F50051D4A3 /* LocalFeedLoader.swift */; };
		3E0DA86625EDF6450051D4A3 /* FeedStore.swift in Sources */ = {isa = PBXBuildFile; fileRef = 3E0DA86525EDF6450051D4A3 /* FeedStore.swift */; };
		3E0DA86E25EE08840051D4A3 /* RemoteFeedItem.swift in Sources */ = {isa = PBXBuildFile; fileRef = 3E0DA86D25EE08840051D4A3 /* RemoteFeedItem.swift */; };
		3E0DA87325EE08D60051D4A3 /* LocalFeedImage.swift in Sources */ = {isa = PBXBuildFile; fileRef = 3E0DA87225EE08D60051D4A3 /* LocalFeedImage.swift */; };
		3E13CE9725F1F99200892360 /* XCTestCase+FailableInsertFeedStoreSpecs.swift in Sources */ = {isa = PBXBuildFile; fileRef = 3E13CE9625F1F99200892360 /* XCTestCase+FailableInsertFeedStoreSpecs.swift */; };
		3E13CE9C25F1FB7400892360 /* XCTestCase+FailableDeleteFeedStoreSpecs.swift in Sources */ = {isa = PBXBuildFile; fileRef = 3E13CE9B25F1FB7400892360 /* XCTestCase+FailableDeleteFeedStoreSpecs.swift */; };
		3E13CEA125F1FC5300892360 /* XCTestCase+FailableRetrieveFeedStoreSpecs.swift in Sources */ = {isa = PBXBuildFile; fileRef = 3E13CEA025F1FC5300892360 /* XCTestCase+FailableRetrieveFeedStoreSpecs.swift */; };
		3E13CEDE25F4F39000892360 /* CoreDataFeedStoreTests.swift in Sources */ = {isa = PBXBuildFile; fileRef = 3E13CEDD25F4F39000892360 /* CoreDataFeedStoreTests.swift */; };
		3E13CEE625F656CC00892360 /* FeedStore.xcdatamodeld in Sources */ = {isa = PBXBuildFile; fileRef = 3E13CEE425F656CB00892360 /* FeedStore.xcdatamodeld */; };
		3E13CEEF25F6598600892360 /* ManagedFeedImage.swift in Sources */ = {isa = PBXBuildFile; fileRef = 3E13CEEE25F6598600892360 /* ManagedFeedImage.swift */; };
		3E13CEF425F6599400892360 /* ManagedCache.swift in Sources */ = {isa = PBXBuildFile; fileRef = 3E13CEF325F6599400892360 /* ManagedCache.swift */; };
		3E13CEF925F65CD900892360 /* CoreDataFeedStore.swift in Sources */ = {isa = PBXBuildFile; fileRef = 3E13CEF825F65CD900892360 /* CoreDataFeedStore.swift */; };
		3E13CF0725F780E900892360 /* EssentialFeedCacheIntegrationTests.swift in Sources */ = {isa = PBXBuildFile; fileRef = 3E13CF0625F780E900892360 /* EssentialFeedCacheIntegrationTests.swift */; };
		3E13CF0925F780E900892360 /* EssentialFeed.framework in Frameworks */ = {isa = PBXBuildFile; fileRef = 3EC51B5725DD281F00AA2C06 /* EssentialFeed.framework */; };
		3E13CF1325F783EB00892360 /* XCTestCase+MemoryLeakTracking.swift in Sources */ = {isa = PBXBuildFile; fileRef = 3EC51BAD25E54E6700AA2C06 /* XCTestCase+MemoryLeakTracking.swift */; };
		3E13CF1825F789F400892360 /* FeedCacheTestHelpers.swift in Sources */ = {isa = PBXBuildFile; fileRef = 3E6C71DE25EF482100962C89 /* FeedCacheTestHelpers.swift */; };
		3E13CF1D25F78A0F00892360 /* SharedTestHelpers.swift in Sources */ = {isa = PBXBuildFile; fileRef = 3E6C71E325EF48E300962C89 /* SharedTestHelpers.swift */; };
		3E4E753526020626003F7C00 /* FeedLoadingViewModel.swift in Sources */ = {isa = PBXBuildFile; fileRef = 3E4E753426020626003F7C00 /* FeedLoadingViewModel.swift */; };
		3E4E754126020669003F7C00 /* FeedViewModel.swift in Sources */ = {isa = PBXBuildFile; fileRef = 3E4E754026020669003F7C00 /* FeedViewModel.swift */; };
		3E4E754826020878003F7C00 /* FeedImagePresenter.swift in Sources */ = {isa = PBXBuildFile; fileRef = 3E4E754726020878003F7C00 /* FeedImagePresenter.swift */; };
		3E4E772E2609FC65003F7C00 /* FeedImageViewModel.swift in Sources */ = {isa = PBXBuildFile; fileRef = 3E4E772D2609FC65003F7C00 /* FeedImageViewModel.swift */; };
		3E6C71D225EE42C800962C89 /* FeedStoreSpy.swift in Sources */ = {isa = PBXBuildFile; fileRef = 3E6C71D125EE42C800962C89 /* FeedStoreSpy.swift */; };
		3E6C71DA25EF438E00962C89 /* ValidateFeedCacheUseCaseTests.swift in Sources */ = {isa = PBXBuildFile; fileRef = 3E6C71D925EF438E00962C89 /* ValidateFeedCacheUseCaseTests.swift */; };
		3E6C71DF25EF482100962C89 /* FeedCacheTestHelpers.swift in Sources */ = {isa = PBXBuildFile; fileRef = 3E6C71DE25EF482100962C89 /* FeedCacheTestHelpers.swift */; };
		3E6C71E425EF48E300962C89 /* SharedTestHelpers.swift in Sources */ = {isa = PBXBuildFile; fileRef = 3E6C71E325EF48E300962C89 /* SharedTestHelpers.swift */; };
		3E6C71E925EF8D7400962C89 /* FeedCachePolicy.swift in Sources */ = {isa = PBXBuildFile; fileRef = 3E6C71E825EF8D7400962C89 /* FeedCachePolicy.swift */; };
		3E6C71EE25F0970B00962C89 /* CodableFeedStoreTests.swift in Sources */ = {isa = PBXBuildFile; fileRef = 3E6C71ED25F0970B00962C89 /* CodableFeedStoreTests.swift */; };
		3E6C71F325F0F86D00962C89 /* CodableFeedStore.swift in Sources */ = {isa = PBXBuildFile; fileRef = 3E6C71F225F0F86D00962C89 /* CodableFeedStore.swift */; };
		3E6C71F825F14DF800962C89 /* FeedStoreSpecs.swift in Sources */ = {isa = PBXBuildFile; fileRef = 3E6C71F725F14DF800962C89 /* FeedStoreSpecs.swift */; };
		3E6C71FD25F14E9B00962C89 /* XCTestCase+FeedStoreSpecs.swift in Sources */ = {isa = PBXBuildFile; fileRef = 3E6C71FC25F14E9B00962C89 /* XCTestCase+FeedStoreSpecs.swift */; };
		3E7B346425FA6947003D1438 /* EssentialFeediOS.framework in Frameworks */ = {isa = PBXBuildFile; fileRef = 3E7B345B25FA6946003D1438 /* EssentialFeediOS.framework */; };
		3E7B34A025FB2DBD003D1438 /* FeedUIIntegrationTests.swift in Sources */ = {isa = PBXBuildFile; fileRef = 3E7B349F25FB2DBD003D1438 /* FeedUIIntegrationTests.swift */; };
		3E7B34C525FB37D0003D1438 /* XCTestCase+MemoryLeakTracking.swift in Sources */ = {isa = PBXBuildFile; fileRef = 3EC51BAD25E54E6700AA2C06 /* XCTestCase+MemoryLeakTracking.swift */; };
		3E7B34CD25FB4441003D1438 /* FeedViewController.swift in Sources */ = {isa = PBXBuildFile; fileRef = 3E7B34CC25FB4441003D1438 /* FeedViewController.swift */; };
		3E7B34D525FC78E4003D1438 /* FeedImageCell.swift in Sources */ = {isa = PBXBuildFile; fileRef = 3E7B34D425FC78E4003D1438 /* FeedImageCell.swift */; };
		3E7B34DD25FCDDB9003D1438 /* UIView+Shimmering.swift in Sources */ = {isa = PBXBuildFile; fileRef = 3E7B34DC25FCDDB9003D1438 /* UIView+Shimmering.swift */; };
		3E7B34E525FD30E2003D1438 /* EssentialFeed.framework in Frameworks */ = {isa = PBXBuildFile; fileRef = 3EC51B5725DD281F00AA2C06 /* EssentialFeed.framework */; platformFilter = ios; };
		3E7B34E625FD30E2003D1438 /* EssentialFeed.framework in Embed Frameworks */ = {isa = PBXBuildFile; fileRef = 3EC51B5725DD281F00AA2C06 /* EssentialFeed.framework */; platformFilter = ios; settings = {ATTRIBUTES = (CodeSignOnCopy, RemoveHeadersOnCopy, ); }; };
		3E7B351E25FE821C003D1438 /* FeedImageDataModel.swift in Sources */ = {isa = PBXBuildFile; fileRef = 3E7B351D25FE821B003D1438 /* FeedImageDataModel.swift */; };
		3E7B354325FE83AB003D1438 /* UIImage+TestHelpers.swift in Sources */ = {isa = PBXBuildFile; fileRef = 3E7B354225FE83AB003D1438 /* UIImage+TestHelpers.swift */; };
		3E7B354F25FE83FD003D1438 /* UIRefreshControl+TestHelpers.swift in Sources */ = {isa = PBXBuildFile; fileRef = 3E7B354E25FE83FD003D1438 /* UIRefreshControl+TestHelpers.swift */; };
		3E7B355725FE844B003D1438 /* UIButton+TestHelpers.swift in Sources */ = {isa = PBXBuildFile; fileRef = 3E7B355625FE844B003D1438 /* UIButton+TestHelpers.swift */; };
		3E7B356325FE848C003D1438 /* UIControl+TestHelpers.swift in Sources */ = {isa = PBXBuildFile; fileRef = 3E7B356225FE848C003D1438 /* UIControl+TestHelpers.swift */; };
		3E7B357125FE8613003D1438 /* FeedViewController+TestHelpers.swift in Sources */ = {isa = PBXBuildFile; fileRef = 3E7B357025FE8613003D1438 /* FeedViewController+TestHelpers.swift */; };
		3E7B357D25FE868E003D1438 /* FeedImageCell+TestHelpers.swift in Sources */ = {isa = PBXBuildFile; fileRef = 3E7B357C25FE868E003D1438 /* FeedImageCell+TestHelpers.swift */; };
		3E7B358425FE86D5003D1438 /* FeedUIIntegrationTests+LoaderSpy.swift in Sources */ = {isa = PBXBuildFile; fileRef = 3E7B358325FE86D5003D1438 /* FeedUIIntegrationTests+LoaderSpy.swift */; };
		3E7B358B25FE8736003D1438 /* FeedUIIntegrationTests+Assertions.swift in Sources */ = {isa = PBXBuildFile; fileRef = 3E7B358A25FE8736003D1438 /* FeedUIIntegrationTests+Assertions.swift */; };
		3E7B359925FF21CD003D1438 /* FeedImageCellController.swift in Sources */ = {isa = PBXBuildFile; fileRef = 3E7B359825FF21CD003D1438 /* FeedImageCellController.swift */; };
		3E7B35A125FF2A93003D1438 /* FeedUIComposer.swift in Sources */ = {isa = PBXBuildFile; fileRef = 3E7B35A025FF2A93003D1438 /* FeedUIComposer.swift */; };
		3E7B369F2600FCA3003D1438 /* FeedPresenter.swift in Sources */ = {isa = PBXBuildFile; fileRef = 3E7B369E2600FCA3003D1438 /* FeedPresenter.swift */; };
		3E8F374725EE413F005EEDF9 /* LoadFeedFromCacheUseCaseTests.swift in Sources */ = {isa = PBXBuildFile; fileRef = 3E8F374625EE413F005EEDF9 /* LoadFeedFromCacheUseCaseTests.swift */; };
		3EC51B6125DD281F00AA2C06 /* EssentialFeed.framework in Frameworks */ = {isa = PBXBuildFile; fileRef = 3EC51B5725DD281F00AA2C06 /* EssentialFeed.framework */; };
		3EC51B6825DD281F00AA2C06 /* EssentialFeed.h in Headers */ = {isa = PBXBuildFile; fileRef = 3EC51B5A25DD281F00AA2C06 /* EssentialFeed.h */; settings = {ATTRIBUTES = (Public, ); }; };
		3EC51B7425DD289000AA2C06 /* FeedImage.swift in Sources */ = {isa = PBXBuildFile; fileRef = 3EC51B7325DD289000AA2C06 /* FeedImage.swift */; };
		3EC51B7825DD2A2100AA2C06 /* FeedLoader.swift in Sources */ = {isa = PBXBuildFile; fileRef = 3EC51B7725DD2A2100AA2C06 /* FeedLoader.swift */; };
		3EC51B8525DD2D5600AA2C06 /* LoadFeedFromRemoteUseCaseTests.swift in Sources */ = {isa = PBXBuildFile; fileRef = 3EC51B8425DD2D5600AA2C06 /* LoadFeedFromRemoteUseCaseTests.swift */; };
		3EC51B8E25DD88BC00AA2C06 /* RemoteFeedLoader.swift in Sources */ = {isa = PBXBuildFile; fileRef = 3EC51B8D25DD88BC00AA2C06 /* RemoteFeedLoader.swift */; };
		3EC51B9425E4D69400AA2C06 /* HTTPClient.swift in Sources */ = {isa = PBXBuildFile; fileRef = 3EC51B9325E4D69400AA2C06 /* HTTPClient.swift */; };
		3EC51B9825E4D86200AA2C06 /* FeedItemsMapper.swift in Sources */ = {isa = PBXBuildFile; fileRef = 3EC51B9725E4D86200AA2C06 /* FeedItemsMapper.swift */; };
		3EC51BA125E518BA00AA2C06 /* URLSessionHTTPClientTests.swift in Sources */ = {isa = PBXBuildFile; fileRef = 3EC51BA025E518BA00AA2C06 /* URLSessionHTTPClientTests.swift */; };
		3EC51BAE25E54E6700AA2C06 /* XCTestCase+MemoryLeakTracking.swift in Sources */ = {isa = PBXBuildFile; fileRef = 3EC51BAD25E54E6700AA2C06 /* XCTestCase+MemoryLeakTracking.swift */; };
		3EC51BB225E56D0900AA2C06 /* URLSessionHTTPClient.swift in Sources */ = {isa = PBXBuildFile; fileRef = 3EC51BB125E56D0800AA2C06 /* URLSessionHTTPClient.swift */; };
		3EC51BBC25E61E3400AA2C06 /* EssentialFeedAPIEndToEndTests.swift in Sources */ = {isa = PBXBuildFile; fileRef = 3EC51BBB25E61E3400AA2C06 /* EssentialFeedAPIEndToEndTests.swift */; };
		3EC51BBE25E61E3400AA2C06 /* EssentialFeed.framework in Frameworks */ = {isa = PBXBuildFile; fileRef = 3EC51B5725DD281F00AA2C06 /* EssentialFeed.framework */; };
		3EC51BCA25E624BB00AA2C06 /* XCTestCase+MemoryLeakTracking.swift in Sources */ = {isa = PBXBuildFile; fileRef = 3EC51BAD25E54E6700AA2C06 /* XCTestCase+MemoryLeakTracking.swift */; };
		3EC51BD825ED2B8C00AA2C06 /* CacheFeedUseCaseTests.swift in Sources */ = {isa = PBXBuildFile; fileRef = 3EC51BD725ED2B8C00AA2C06 /* CacheFeedUseCaseTests.swift */; };
		772343F82619B9DF000B9E8A /* FeedPresenterTests.swift in Sources */ = {isa = PBXBuildFile; fileRef = 772343F72619B9DF000B9E8A /* FeedPresenterTests.swift */; };
		77E070B52614B7E800ECD8F3 /* Feed.storyboard in Resources */ = {isa = PBXBuildFile; fileRef = 77E070B42614B7E800ECD8F3 /* Feed.storyboard */; };
		77E070BC2614B88100ECD8F3 /* Feed.xcassets in Resources */ = {isa = PBXBuildFile; fileRef = 77E070BB2614B88100ECD8F3 /* Feed.xcassets */; };
		77E070C82614C94500ECD8F3 /* UITableView+Dequeueing.swift in Sources */ = {isa = PBXBuildFile; fileRef = 77E070C72614C94500ECD8F3 /* UITableView+Dequeueing.swift */; };
		77E070D42614CA6500ECD8F3 /* UIImageView+Animations.swift in Sources */ = {isa = PBXBuildFile; fileRef = 77E070D32614CA6500ECD8F3 /* UIImageView+Animations.swift */; };
		77E070F62615BA9600ECD8F3 /* FeedUIIntegrationTests+Localization.swift in Sources */ = {isa = PBXBuildFile; fileRef = 77E070F52615BA9600ECD8F3 /* FeedUIIntegrationTests+Localization.swift */; };
		77E0711A2615BBF500ECD8F3 /* Feed.strings in Resources */ = {isa = PBXBuildFile; fileRef = 77E0711C2615BBF500ECD8F3 /* Feed.strings */; };
		77E0712B2615BD4300ECD8F3 /* FeedLocalizationTests.swift in Sources */ = {isa = PBXBuildFile; fileRef = 77E0712A2615BD4300ECD8F3 /* FeedLocalizationTests.swift */; };
		77EFADB22618760A005C3822 /* MainQueueDispatchDecorator.swift in Sources */ = {isa = PBXBuildFile; fileRef = 77EFADB12618760A005C3822 /* MainQueueDispatchDecorator.swift */; };
/* End PBXBuildFile section */

/* Begin PBXContainerItemProxy section */
		3E13CF0A25F780E900892360 /* PBXContainerItemProxy */ = {
			isa = PBXContainerItemProxy;
			containerPortal = 3EC51B4E25DD281F00AA2C06 /* Project object */;
			proxyType = 1;
			remoteGlobalIDString = 3EC51B5625DD281F00AA2C06;
			remoteInfo = EssentialFeed;
		};
		3E7B346525FA6947003D1438 /* PBXContainerItemProxy */ = {
			isa = PBXContainerItemProxy;
			containerPortal = 3EC51B4E25DD281F00AA2C06 /* Project object */;
			proxyType = 1;
			remoteGlobalIDString = 3E7B345A25FA6946003D1438;
			remoteInfo = EssentialFeediOS;
		};
		3E7B34E725FD30E2003D1438 /* PBXContainerItemProxy */ = {
			isa = PBXContainerItemProxy;
			containerPortal = 3EC51B4E25DD281F00AA2C06 /* Project object */;
			proxyType = 1;
			remoteGlobalIDString = 3EC51B5625DD281F00AA2C06;
			remoteInfo = EssentialFeed;
		};
		3EC51B6225DD281F00AA2C06 /* PBXContainerItemProxy */ = {
			isa = PBXContainerItemProxy;
			containerPortal = 3EC51B4E25DD281F00AA2C06 /* Project object */;
			proxyType = 1;
			remoteGlobalIDString = 3EC51B5625DD281F00AA2C06;
			remoteInfo = EssentialFeed;
		};
		3EC51BBF25E61E3400AA2C06 /* PBXContainerItemProxy */ = {
			isa = PBXContainerItemProxy;
			containerPortal = 3EC51B4E25DD281F00AA2C06 /* Project object */;
			proxyType = 1;
			remoteGlobalIDString = 3EC51B5625DD281F00AA2C06;
			remoteInfo = EssentialFeed;
		};
/* End PBXContainerItemProxy section */

/* Begin PBXCopyFilesBuildPhase section */
		3E7B34E925FD30E2003D1438 /* Embed Frameworks */ = {
			isa = PBXCopyFilesBuildPhase;
			buildActionMask = 2147483647;
			dstPath = "";
			dstSubfolderSpec = 10;
			files = (
				3E7B34E625FD30E2003D1438 /* EssentialFeed.framework in Embed Frameworks */,
			);
			name = "Embed Frameworks";
			runOnlyForDeploymentPostprocessing = 0;
		};
/* End PBXCopyFilesBuildPhase section */

/* Begin PBXFileReference section */
		3E00B18B25F7E51C00B1036F /* RuntimeFeedStoreTests.swift */ = {isa = PBXFileReference; lastKnownFileType = sourcecode.swift; path = RuntimeFeedStoreTests.swift; sourceTree = "<group>"; };
		3E00B19225F7FBCC00B1036F /* RuntimeFeedStore.swift */ = {isa = PBXFileReference; lastKnownFileType = sourcecode.swift; path = RuntimeFeedStore.swift; sourceTree = "<group>"; };
		3E0DA85D25EDF5F50051D4A3 /* LocalFeedLoader.swift */ = {isa = PBXFileReference; lastKnownFileType = sourcecode.swift; path = LocalFeedLoader.swift; sourceTree = "<group>"; };
		3E0DA86525EDF6450051D4A3 /* FeedStore.swift */ = {isa = PBXFileReference; lastKnownFileType = sourcecode.swift; path = FeedStore.swift; sourceTree = "<group>"; };
		3E0DA86D25EE08840051D4A3 /* RemoteFeedItem.swift */ = {isa = PBXFileReference; lastKnownFileType = sourcecode.swift; path = RemoteFeedItem.swift; sourceTree = "<group>"; };
		3E0DA87225EE08D60051D4A3 /* LocalFeedImage.swift */ = {isa = PBXFileReference; lastKnownFileType = sourcecode.swift; path = LocalFeedImage.swift; sourceTree = "<group>"; };
		3E13CE9625F1F99200892360 /* XCTestCase+FailableInsertFeedStoreSpecs.swift */ = {isa = PBXFileReference; lastKnownFileType = sourcecode.swift; path = "XCTestCase+FailableInsertFeedStoreSpecs.swift"; sourceTree = "<group>"; };
		3E13CE9B25F1FB7400892360 /* XCTestCase+FailableDeleteFeedStoreSpecs.swift */ = {isa = PBXFileReference; lastKnownFileType = sourcecode.swift; path = "XCTestCase+FailableDeleteFeedStoreSpecs.swift"; sourceTree = "<group>"; };
		3E13CEA025F1FC5300892360 /* XCTestCase+FailableRetrieveFeedStoreSpecs.swift */ = {isa = PBXFileReference; lastKnownFileType = sourcecode.swift; path = "XCTestCase+FailableRetrieveFeedStoreSpecs.swift"; sourceTree = "<group>"; };
		3E13CEDD25F4F39000892360 /* CoreDataFeedStoreTests.swift */ = {isa = PBXFileReference; lastKnownFileType = sourcecode.swift; path = CoreDataFeedStoreTests.swift; sourceTree = "<group>"; };
		3E13CEE525F656CB00892360 /* FeedStore.xcdatamodel */ = {isa = PBXFileReference; lastKnownFileType = wrapper.xcdatamodel; path = FeedStore.xcdatamodel; sourceTree = "<group>"; };
		3E13CEEE25F6598600892360 /* ManagedFeedImage.swift */ = {isa = PBXFileReference; lastKnownFileType = sourcecode.swift; path = ManagedFeedImage.swift; sourceTree = "<group>"; };
		3E13CEF325F6599400892360 /* ManagedCache.swift */ = {isa = PBXFileReference; lastKnownFileType = sourcecode.swift; path = ManagedCache.swift; sourceTree = "<group>"; };
		3E13CEF825F65CD900892360 /* CoreDataFeedStore.swift */ = {isa = PBXFileReference; lastKnownFileType = sourcecode.swift; path = CoreDataFeedStore.swift; sourceTree = "<group>"; };
		3E13CF0425F780E800892360 /* EssentialFeedCacheIntegrationTests.xctest */ = {isa = PBXFileReference; explicitFileType = wrapper.cfbundle; includeInIndex = 0; path = EssentialFeedCacheIntegrationTests.xctest; sourceTree = BUILT_PRODUCTS_DIR; };
		3E13CF0625F780E900892360 /* EssentialFeedCacheIntegrationTests.swift */ = {isa = PBXFileReference; lastKnownFileType = sourcecode.swift; path = EssentialFeedCacheIntegrationTests.swift; sourceTree = "<group>"; };
		3E13CF0825F780E900892360 /* Info.plist */ = {isa = PBXFileReference; lastKnownFileType = text.plist.xml; path = Info.plist; sourceTree = "<group>"; };
		3E4E753426020626003F7C00 /* FeedLoadingViewModel.swift */ = {isa = PBXFileReference; lastKnownFileType = sourcecode.swift; path = FeedLoadingViewModel.swift; sourceTree = "<group>"; };
		3E4E754026020669003F7C00 /* FeedViewModel.swift */ = {isa = PBXFileReference; lastKnownFileType = sourcecode.swift; path = FeedViewModel.swift; sourceTree = "<group>"; };
		3E4E754726020878003F7C00 /* FeedImagePresenter.swift */ = {isa = PBXFileReference; lastKnownFileType = sourcecode.swift; path = FeedImagePresenter.swift; sourceTree = "<group>"; };
		3E4E772D2609FC65003F7C00 /* FeedImageViewModel.swift */ = {isa = PBXFileReference; lastKnownFileType = sourcecode.swift; path = FeedImageViewModel.swift; sourceTree = "<group>"; };
		3E6C71D125EE42C800962C89 /* FeedStoreSpy.swift */ = {isa = PBXFileReference; lastKnownFileType = sourcecode.swift; path = FeedStoreSpy.swift; sourceTree = "<group>"; };
		3E6C71D925EF438E00962C89 /* ValidateFeedCacheUseCaseTests.swift */ = {isa = PBXFileReference; lastKnownFileType = sourcecode.swift; path = ValidateFeedCacheUseCaseTests.swift; sourceTree = "<group>"; };
		3E6C71DE25EF482100962C89 /* FeedCacheTestHelpers.swift */ = {isa = PBXFileReference; lastKnownFileType = sourcecode.swift; path = FeedCacheTestHelpers.swift; sourceTree = "<group>"; };
		3E6C71E325EF48E300962C89 /* SharedTestHelpers.swift */ = {isa = PBXFileReference; lastKnownFileType = sourcecode.swift; path = SharedTestHelpers.swift; sourceTree = "<group>"; };
		3E6C71E825EF8D7400962C89 /* FeedCachePolicy.swift */ = {isa = PBXFileReference; lastKnownFileType = sourcecode.swift; path = FeedCachePolicy.swift; sourceTree = "<group>"; };
		3E6C71ED25F0970B00962C89 /* CodableFeedStoreTests.swift */ = {isa = PBXFileReference; lastKnownFileType = sourcecode.swift; path = CodableFeedStoreTests.swift; sourceTree = "<group>"; };
		3E6C71F225F0F86D00962C89 /* CodableFeedStore.swift */ = {isa = PBXFileReference; lastKnownFileType = sourcecode.swift; path = CodableFeedStore.swift; sourceTree = "<group>"; };
		3E6C71F725F14DF800962C89 /* FeedStoreSpecs.swift */ = {isa = PBXFileReference; lastKnownFileType = sourcecode.swift; path = FeedStoreSpecs.swift; sourceTree = "<group>"; };
		3E6C71FC25F14E9B00962C89 /* XCTestCase+FeedStoreSpecs.swift */ = {isa = PBXFileReference; lastKnownFileType = sourcecode.swift; path = "XCTestCase+FeedStoreSpecs.swift"; sourceTree = "<group>"; };
		3E7B345B25FA6946003D1438 /* EssentialFeediOS.framework */ = {isa = PBXFileReference; explicitFileType = wrapper.framework; includeInIndex = 0; path = EssentialFeediOS.framework; sourceTree = BUILT_PRODUCTS_DIR; };
		3E7B345E25FA6947003D1438 /* Info.plist */ = {isa = PBXFileReference; lastKnownFileType = text.plist.xml; path = Info.plist; sourceTree = "<group>"; };
		3E7B346325FA6947003D1438 /* EssentialFeediOSTests.xctest */ = {isa = PBXFileReference; explicitFileType = wrapper.cfbundle; includeInIndex = 0; path = EssentialFeediOSTests.xctest; sourceTree = BUILT_PRODUCTS_DIR; };
		3E7B346A25FA6947003D1438 /* Info.plist */ = {isa = PBXFileReference; lastKnownFileType = text.plist.xml; path = Info.plist; sourceTree = "<group>"; };
		3E7B349F25FB2DBD003D1438 /* FeedUIIntegrationTests.swift */ = {isa = PBXFileReference; lastKnownFileType = sourcecode.swift; path = FeedUIIntegrationTests.swift; sourceTree = "<group>"; };
		3E7B34CC25FB4441003D1438 /* FeedViewController.swift */ = {isa = PBXFileReference; lastKnownFileType = sourcecode.swift; path = FeedViewController.swift; sourceTree = "<group>"; };
		3E7B34D425FC78E4003D1438 /* FeedImageCell.swift */ = {isa = PBXFileReference; lastKnownFileType = sourcecode.swift; path = FeedImageCell.swift; sourceTree = "<group>"; };
		3E7B34DC25FCDDB9003D1438 /* UIView+Shimmering.swift */ = {isa = PBXFileReference; lastKnownFileType = sourcecode.swift; path = "UIView+Shimmering.swift"; sourceTree = "<group>"; };
		3E7B351D25FE821B003D1438 /* FeedImageDataModel.swift */ = {isa = PBXFileReference; lastKnownFileType = sourcecode.swift; path = FeedImageDataModel.swift; sourceTree = "<group>"; };
		3E7B354225FE83AB003D1438 /* UIImage+TestHelpers.swift */ = {isa = PBXFileReference; lastKnownFileType = sourcecode.swift; path = "UIImage+TestHelpers.swift"; sourceTree = "<group>"; };
		3E7B354E25FE83FD003D1438 /* UIRefreshControl+TestHelpers.swift */ = {isa = PBXFileReference; lastKnownFileType = sourcecode.swift; path = "UIRefreshControl+TestHelpers.swift"; sourceTree = "<group>"; };
		3E7B355625FE844B003D1438 /* UIButton+TestHelpers.swift */ = {isa = PBXFileReference; lastKnownFileType = sourcecode.swift; path = "UIButton+TestHelpers.swift"; sourceTree = "<group>"; };
		3E7B356225FE848C003D1438 /* UIControl+TestHelpers.swift */ = {isa = PBXFileReference; lastKnownFileType = sourcecode.swift; path = "UIControl+TestHelpers.swift"; sourceTree = "<group>"; };
		3E7B357025FE8613003D1438 /* FeedViewController+TestHelpers.swift */ = {isa = PBXFileReference; lastKnownFileType = sourcecode.swift; path = "FeedViewController+TestHelpers.swift"; sourceTree = "<group>"; };
		3E7B357C25FE868E003D1438 /* FeedImageCell+TestHelpers.swift */ = {isa = PBXFileReference; lastKnownFileType = sourcecode.swift; path = "FeedImageCell+TestHelpers.swift"; sourceTree = "<group>"; };
		3E7B358325FE86D5003D1438 /* FeedUIIntegrationTests+LoaderSpy.swift */ = {isa = PBXFileReference; lastKnownFileType = sourcecode.swift; path = "FeedUIIntegrationTests+LoaderSpy.swift"; sourceTree = "<group>"; };
		3E7B358A25FE8736003D1438 /* FeedUIIntegrationTests+Assertions.swift */ = {isa = PBXFileReference; lastKnownFileType = sourcecode.swift; path = "FeedUIIntegrationTests+Assertions.swift"; sourceTree = "<group>"; };
		3E7B359825FF21CD003D1438 /* FeedImageCellController.swift */ = {isa = PBXFileReference; lastKnownFileType = sourcecode.swift; path = FeedImageCellController.swift; sourceTree = "<group>"; };
		3E7B35A025FF2A93003D1438 /* FeedUIComposer.swift */ = {isa = PBXFileReference; lastKnownFileType = sourcecode.swift; path = FeedUIComposer.swift; sourceTree = "<group>"; };
		3E7B369E2600FCA3003D1438 /* FeedPresenter.swift */ = {isa = PBXFileReference; lastKnownFileType = sourcecode.swift; path = FeedPresenter.swift; sourceTree = "<group>"; };
		3E8F374625EE413F005EEDF9 /* LoadFeedFromCacheUseCaseTests.swift */ = {isa = PBXFileReference; lastKnownFileType = sourcecode.swift; path = LoadFeedFromCacheUseCaseTests.swift; sourceTree = "<group>"; };
		3EC51B5725DD281F00AA2C06 /* EssentialFeed.framework */ = {isa = PBXFileReference; explicitFileType = wrapper.framework; includeInIndex = 0; path = EssentialFeed.framework; sourceTree = BUILT_PRODUCTS_DIR; };
		3EC51B5A25DD281F00AA2C06 /* EssentialFeed.h */ = {isa = PBXFileReference; lastKnownFileType = sourcecode.c.h; path = EssentialFeed.h; sourceTree = "<group>"; };
		3EC51B5B25DD281F00AA2C06 /* Info.plist */ = {isa = PBXFileReference; lastKnownFileType = text.plist.xml; path = Info.plist; sourceTree = "<group>"; };
		3EC51B6025DD281F00AA2C06 /* EssentialFeedTests.xctest */ = {isa = PBXFileReference; explicitFileType = wrapper.cfbundle; includeInIndex = 0; path = EssentialFeedTests.xctest; sourceTree = BUILT_PRODUCTS_DIR; };
		3EC51B6725DD281F00AA2C06 /* Info.plist */ = {isa = PBXFileReference; lastKnownFileType = text.plist.xml; path = Info.plist; sourceTree = "<group>"; };
		3EC51B7325DD289000AA2C06 /* FeedImage.swift */ = {isa = PBXFileReference; lastKnownFileType = sourcecode.swift; path = FeedImage.swift; sourceTree = "<group>"; };
		3EC51B7725DD2A2100AA2C06 /* FeedLoader.swift */ = {isa = PBXFileReference; lastKnownFileType = sourcecode.swift; path = FeedLoader.swift; sourceTree = "<group>"; };
		3EC51B8425DD2D5600AA2C06 /* LoadFeedFromRemoteUseCaseTests.swift */ = {isa = PBXFileReference; lastKnownFileType = sourcecode.swift; path = LoadFeedFromRemoteUseCaseTests.swift; sourceTree = "<group>"; };
		3EC51B8D25DD88BC00AA2C06 /* RemoteFeedLoader.swift */ = {isa = PBXFileReference; lastKnownFileType = sourcecode.swift; path = RemoteFeedLoader.swift; sourceTree = "<group>"; };
		3EC51B9325E4D69400AA2C06 /* HTTPClient.swift */ = {isa = PBXFileReference; lastKnownFileType = sourcecode.swift; path = HTTPClient.swift; sourceTree = "<group>"; };
		3EC51B9725E4D86200AA2C06 /* FeedItemsMapper.swift */ = {isa = PBXFileReference; lastKnownFileType = sourcecode.swift; path = FeedItemsMapper.swift; sourceTree = "<group>"; };
		3EC51BA025E518BA00AA2C06 /* URLSessionHTTPClientTests.swift */ = {isa = PBXFileReference; lastKnownFileType = sourcecode.swift; path = URLSessionHTTPClientTests.swift; sourceTree = "<group>"; };
		3EC51BAD25E54E6700AA2C06 /* XCTestCase+MemoryLeakTracking.swift */ = {isa = PBXFileReference; lastKnownFileType = sourcecode.swift; path = "XCTestCase+MemoryLeakTracking.swift"; sourceTree = "<group>"; };
		3EC51BB125E56D0800AA2C06 /* URLSessionHTTPClient.swift */ = {isa = PBXFileReference; lastKnownFileType = sourcecode.swift; path = URLSessionHTTPClient.swift; sourceTree = "<group>"; };
		3EC51BB925E61E3400AA2C06 /* EssentialFeedAPIEndToEndTests.xctest */ = {isa = PBXFileReference; explicitFileType = wrapper.cfbundle; includeInIndex = 0; path = EssentialFeedAPIEndToEndTests.xctest; sourceTree = BUILT_PRODUCTS_DIR; };
		3EC51BBB25E61E3400AA2C06 /* EssentialFeedAPIEndToEndTests.swift */ = {isa = PBXFileReference; lastKnownFileType = sourcecode.swift; path = EssentialFeedAPIEndToEndTests.swift; sourceTree = "<group>"; };
		3EC51BBD25E61E3400AA2C06 /* Info.plist */ = {isa = PBXFileReference; lastKnownFileType = text.plist.xml; path = Info.plist; sourceTree = "<group>"; };
		3EC51BD725ED2B8C00AA2C06 /* CacheFeedUseCaseTests.swift */ = {isa = PBXFileReference; lastKnownFileType = sourcecode.swift; path = CacheFeedUseCaseTests.swift; sourceTree = "<group>"; };
		772343F72619B9DF000B9E8A /* FeedPresenterTests.swift */ = {isa = PBXFileReference; lastKnownFileType = sourcecode.swift; path = FeedPresenterTests.swift; sourceTree = "<group>"; };
		77E070B42614B7E800ECD8F3 /* Feed.storyboard */ = {isa = PBXFileReference; lastKnownFileType = file.storyboard; path = Feed.storyboard; sourceTree = "<group>"; };
		77E070BB2614B88100ECD8F3 /* Feed.xcassets */ = {isa = PBXFileReference; lastKnownFileType = folder.assetcatalog; path = Feed.xcassets; sourceTree = "<group>"; };
		77E070C72614C94500ECD8F3 /* UITableView+Dequeueing.swift */ = {isa = PBXFileReference; lastKnownFileType = sourcecode.swift; path = "UITableView+Dequeueing.swift"; sourceTree = "<group>"; };
		77E070D32614CA6500ECD8F3 /* UIImageView+Animations.swift */ = {isa = PBXFileReference; lastKnownFileType = sourcecode.swift; path = "UIImageView+Animations.swift"; sourceTree = "<group>"; };
		77E070F52615BA9600ECD8F3 /* FeedUIIntegrationTests+Localization.swift */ = {isa = PBXFileReference; lastKnownFileType = sourcecode.swift; path = "FeedUIIntegrationTests+Localization.swift"; sourceTree = "<group>"; };
		77E0711B2615BBF500ECD8F3 /* en */ = {isa = PBXFileReference; lastKnownFileType = text.plist.strings; name = en; path = en.lproj/Feed.strings; sourceTree = "<group>"; };
		77E071222615BC8E00ECD8F3 /* pt-BR */ = {isa = PBXFileReference; lastKnownFileType = text.plist.strings; name = "pt-BR"; path = "pt-BR.lproj/Feed.strings"; sourceTree = "<group>"; };
		77E071282615BCDD00ECD8F3 /* el */ = {isa = PBXFileReference; lastKnownFileType = text.plist.strings; name = el; path = el.lproj/Feed.strings; sourceTree = "<group>"; };
		77E0712A2615BD4300ECD8F3 /* FeedLocalizationTests.swift */ = {isa = PBXFileReference; lastKnownFileType = sourcecode.swift; path = FeedLocalizationTests.swift; sourceTree = "<group>"; };
		77EFADB12618760A005C3822 /* MainQueueDispatchDecorator.swift */ = {isa = PBXFileReference; lastKnownFileType = sourcecode.swift; path = MainQueueDispatchDecorator.swift; sourceTree = "<group>"; };
/* End PBXFileReference section */

/* Begin PBXFrameworksBuildPhase section */
		3E13CF0125F780E800892360 /* Frameworks */ = {
			isa = PBXFrameworksBuildPhase;
			buildActionMask = 2147483647;
			files = (
				3E13CF0925F780E900892360 /* EssentialFeed.framework in Frameworks */,
			);
			runOnlyForDeploymentPostprocessing = 0;
		};
		3E7B345825FA6946003D1438 /* Frameworks */ = {
			isa = PBXFrameworksBuildPhase;
			buildActionMask = 2147483647;
			files = (
				3E7B34E525FD30E2003D1438 /* EssentialFeed.framework in Frameworks */,
			);
			runOnlyForDeploymentPostprocessing = 0;
		};
		3E7B346025FA6947003D1438 /* Frameworks */ = {
			isa = PBXFrameworksBuildPhase;
			buildActionMask = 2147483647;
			files = (
				3E7B346425FA6947003D1438 /* EssentialFeediOS.framework in Frameworks */,
			);
			runOnlyForDeploymentPostprocessing = 0;
		};
		3EC51B5425DD281F00AA2C06 /* Frameworks */ = {
			isa = PBXFrameworksBuildPhase;
			buildActionMask = 2147483647;
			files = (
			);
			runOnlyForDeploymentPostprocessing = 0;
		};
		3EC51B5D25DD281F00AA2C06 /* Frameworks */ = {
			isa = PBXFrameworksBuildPhase;
			buildActionMask = 2147483647;
			files = (
				3EC51B6125DD281F00AA2C06 /* EssentialFeed.framework in Frameworks */,
			);
			runOnlyForDeploymentPostprocessing = 0;
		};
		3EC51BB625E61E3400AA2C06 /* Frameworks */ = {
			isa = PBXFrameworksBuildPhase;
			buildActionMask = 2147483647;
			files = (
				3EC51BBE25E61E3400AA2C06 /* EssentialFeed.framework in Frameworks */,
			);
			runOnlyForDeploymentPostprocessing = 0;
		};
/* End PBXFrameworksBuildPhase section */

/* Begin PBXGroup section */
		3E00B19125F7FBBF00B1036F /* Runtime */ = {
			isa = PBXGroup;
			children = (
				3E00B19225F7FBCC00B1036F /* RuntimeFeedStore.swift */,
			);
			path = Runtime;
			sourceTree = "<group>";
		};
		3E0DA85C25EDF5C90051D4A3 /* Feed Cache */ = {
			isa = PBXGroup;
			children = (
				3E13CEE225F6567300892360 /* Infrastructure */,
				3E0DA85D25EDF5F50051D4A3 /* LocalFeedLoader.swift */,
				3E0DA86525EDF6450051D4A3 /* FeedStore.swift */,
				3E0DA87225EE08D60051D4A3 /* LocalFeedImage.swift */,
				3E6C71E825EF8D7400962C89 /* FeedCachePolicy.swift */,
			);
			path = "Feed Cache";
			sourceTree = "<group>";
		};
		3E13CEE225F6567300892360 /* Infrastructure */ = {
			isa = PBXGroup;
			children = (
				3E00B19125F7FBBF00B1036F /* Runtime */,
				3E13CEEA25F656F000892360 /* File System */,
				3E13CEE325F6568F00892360 /* Core Data */,
			);
			path = Infrastructure;
			sourceTree = "<group>";
		};
		3E13CEE325F6568F00892360 /* Core Data */ = {
			isa = PBXGroup;
			children = (
				3E13CEE425F656CB00892360 /* FeedStore.xcdatamodeld */,
				3E13CEF825F65CD900892360 /* CoreDataFeedStore.swift */,
				3E13CEEE25F6598600892360 /* ManagedFeedImage.swift */,
				3E13CEF325F6599400892360 /* ManagedCache.swift */,
			);
			path = "Core Data";
			sourceTree = "<group>";
		};
		3E13CEEA25F656F000892360 /* File System */ = {
			isa = PBXGroup;
			children = (
				3E6C71F225F0F86D00962C89 /* CodableFeedStore.swift */,
			);
			path = "File System";
			sourceTree = "<group>";
		};
		3E13CF0525F780E900892360 /* EssentialFeedCacheIntegrationTests */ = {
			isa = PBXGroup;
			children = (
				3E13CF0625F780E900892360 /* EssentialFeedCacheIntegrationTests.swift */,
				3E13CF0825F780E900892360 /* Info.plist */,
			);
			path = EssentialFeedCacheIntegrationTests;
			sourceTree = "<group>";
		};
		3E6C71D025EE42B300962C89 /* Helpers */ = {
			isa = PBXGroup;
			children = (
				3E6C71D125EE42C800962C89 /* FeedStoreSpy.swift */,
				3E6C71DE25EF482100962C89 /* FeedCacheTestHelpers.swift */,
			);
			path = Helpers;
			sourceTree = "<group>";
		};
		3E6C720125F1565F00962C89 /* FeedStoreSpecs */ = {
			isa = PBXGroup;
			children = (
				3E6C71F725F14DF800962C89 /* FeedStoreSpecs.swift */,
				3E6C71FC25F14E9B00962C89 /* XCTestCase+FeedStoreSpecs.swift */,
				3E13CE9625F1F99200892360 /* XCTestCase+FailableInsertFeedStoreSpecs.swift */,
				3E13CE9B25F1FB7400892360 /* XCTestCase+FailableDeleteFeedStoreSpecs.swift */,
				3E13CEA025F1FC5300892360 /* XCTestCase+FailableRetrieveFeedStoreSpecs.swift */,
			);
			path = FeedStoreSpecs;
			sourceTree = "<group>";
		};
		3E7B345C25FA6947003D1438 /* EssentialFeediOS */ = {
			isa = PBXGroup;
			children = (
				3E7B345E25FA6947003D1438 /* Info.plist */,
				3E7B351C25FE8201003D1438 /* Feed Image Loader */,
				3E7B369D2600FC93003D1438 /* Feed Presentation */,
				3E7B352925FE827A003D1438 /* Feed UI */,
			);
			path = EssentialFeediOS;
			sourceTree = "<group>";
		};
		3E7B346725FA6947003D1438 /* EssentialFeediOSTests */ = {
			isa = PBXGroup;
			children = (
				3E7B346A25FA6947003D1438 /* Info.plist */,
				77E071292615BD2B00ECD8F3 /* Feed Presentation */,
				3E7B356925FE8529003D1438 /* Feed UI */,
			);
			path = EssentialFeediOSTests;
			sourceTree = "<group>";
		};
		3E7B34E425FD30E2003D1438 /* Frameworks */ = {
			isa = PBXGroup;
			children = (
			);
			name = Frameworks;
			sourceTree = "<group>";
		};
		3E7B351C25FE8201003D1438 /* Feed Image Loader */ = {
			isa = PBXGroup;
			children = (
				3E7B351D25FE821B003D1438 /* FeedImageDataModel.swift */,
			);
			path = "Feed Image Loader";
			sourceTree = "<group>";
		};
		3E7B352925FE827A003D1438 /* Feed UI */ = {
			isa = PBXGroup;
			children = (
				3E7B359F25FF2A87003D1438 /* Composers */,
				3E7B352A25FE828B003D1438 /* Controllers */,
				3E7B352B25FE82A9003D1438 /* Views */,
			);
			path = "Feed UI";
			sourceTree = "<group>";
		};
		3E7B352A25FE828B003D1438 /* Controllers */ = {
			isa = PBXGroup;
			children = (
				3E7B34CC25FB4441003D1438 /* FeedViewController.swift */,
				3E7B359825FF21CD003D1438 /* FeedImageCellController.swift */,
			);
			path = Controllers;
			sourceTree = "<group>";
		};
		3E7B352B25FE82A9003D1438 /* Views */ = {
			isa = PBXGroup;
			children = (
				3E7B34D425FC78E4003D1438 /* FeedImageCell.swift */,
				3E7B34DC25FCDDB9003D1438 /* UIView+Shimmering.swift */,
				77E070C72614C94500ECD8F3 /* UITableView+Dequeueing.swift */,
				77E070D32614CA6500ECD8F3 /* UIImageView+Animations.swift */,
				77E070B42614B7E800ECD8F3 /* Feed.storyboard */,
				77E070BB2614B88100ECD8F3 /* Feed.xcassets */,
			);
			path = Views;
			sourceTree = "<group>";
		};
		3E7B356925FE8529003D1438 /* Feed UI */ = {
			isa = PBXGroup;
			children = (
				3E7B356F25FE85FC003D1438 /* Helpers */,
				3E7B349F25FB2DBD003D1438 /* FeedUIIntegrationTests.swift */,
			);
			path = "Feed UI";
			sourceTree = "<group>";
		};
		3E7B356F25FE85FC003D1438 /* Helpers */ = {
			isa = PBXGroup;
			children = (
				3E7B354225FE83AB003D1438 /* UIImage+TestHelpers.swift */,
				3E7B354E25FE83FD003D1438 /* UIRefreshControl+TestHelpers.swift */,
				3E7B355625FE844B003D1438 /* UIButton+TestHelpers.swift */,
				3E7B356225FE848C003D1438 /* UIControl+TestHelpers.swift */,
				3E7B357025FE8613003D1438 /* FeedViewController+TestHelpers.swift */,
				3E7B357C25FE868E003D1438 /* FeedImageCell+TestHelpers.swift */,
				3E7B358325FE86D5003D1438 /* FeedUIIntegrationTests+LoaderSpy.swift */,
				3E7B358A25FE8736003D1438 /* FeedUIIntegrationTests+Assertions.swift */,
				77E070F52615BA9600ECD8F3 /* FeedUIIntegrationTests+Localization.swift */,
			);
			path = Helpers;
			sourceTree = "<group>";
		};
		3E7B359F25FF2A87003D1438 /* Composers */ = {
			isa = PBXGroup;
			children = (
				3E7B35A025FF2A93003D1438 /* FeedUIComposer.swift */,
				77EFADB12618760A005C3822 /* MainQueueDispatchDecorator.swift */,
			);
			path = Composers;
			sourceTree = "<group>";
		};
		3E7B369D2600FC93003D1438 /* Feed Presentation */ = {
			isa = PBXGroup;
			children = (
				3E7B369E2600FCA3003D1438 /* FeedPresenter.swift */,
				3E4E753426020626003F7C00 /* FeedLoadingViewModel.swift */,
				3E4E754026020669003F7C00 /* FeedViewModel.swift */,
				3E4E754726020878003F7C00 /* FeedImagePresenter.swift */,
				3E4E772D2609FC65003F7C00 /* FeedImageViewModel.swift */,
				77E0711C2615BBF500ECD8F3 /* Feed.strings */,
			);
			path = "Feed Presentation";
			sourceTree = "<group>";
		};
		3EC51B4D25DD281E00AA2C06 = {
			isa = PBXGroup;
			children = (
				3EC51B5925DD281F00AA2C06 /* EssentialFeed */,
				3EC51B6425DD281F00AA2C06 /* EssentialFeedTests */,
				3EC51BBA25E61E3400AA2C06 /* EssentialFeedAPIEndToEndTests */,
				3E13CF0525F780E900892360 /* EssentialFeedCacheIntegrationTests */,
				3E7B345C25FA6947003D1438 /* EssentialFeediOS */,
				3E7B346725FA6947003D1438 /* EssentialFeediOSTests */,
				3EC51B5825DD281F00AA2C06 /* Products */,
				3E7B34E425FD30E2003D1438 /* Frameworks */,
			);
			sourceTree = "<group>";
		};
		3EC51B5825DD281F00AA2C06 /* Products */ = {
			isa = PBXGroup;
			children = (
				3EC51B5725DD281F00AA2C06 /* EssentialFeed.framework */,
				3EC51B6025DD281F00AA2C06 /* EssentialFeedTests.xctest */,
				3EC51BB925E61E3400AA2C06 /* EssentialFeedAPIEndToEndTests.xctest */,
				3E13CF0425F780E800892360 /* EssentialFeedCacheIntegrationTests.xctest */,
				3E7B345B25FA6946003D1438 /* EssentialFeediOS.framework */,
				3E7B346325FA6947003D1438 /* EssentialFeediOSTests.xctest */,
			);
			name = Products;
			sourceTree = "<group>";
		};
		3EC51B5925DD281F00AA2C06 /* EssentialFeed */ = {
			isa = PBXGroup;
			children = (
				3EC51B5A25DD281F00AA2C06 /* EssentialFeed.h */,
				3EC51B5B25DD281F00AA2C06 /* Info.plist */,
				3E0DA85C25EDF5C90051D4A3 /* Feed Cache */,
				3EC51B7B25DD2B5900AA2C06 /* Feed Feature */,
				3EC51B8C25DD889600AA2C06 /* Feed API */,
			);
			path = EssentialFeed;
			sourceTree = "<group>";
		};
		3EC51B6425DD281F00AA2C06 /* EssentialFeedTests */ = {
			isa = PBXGroup;
			children = (
				3EC51BA425E54E1D00AA2C06 /* Helpers */,
				3EC51BD625ED2B5E00AA2C06 /* Feed Cache */,
				3EC51B9D25E5024900AA2C06 /* Feed API */,
				772343F12619B9A7000B9E8A /* Feed Presentation */,
				3EC51B6725DD281F00AA2C06 /* Info.plist */,
			);
			path = EssentialFeedTests;
			sourceTree = "<group>";
		};
		3EC51B7B25DD2B5900AA2C06 /* Feed Feature */ = {
			isa = PBXGroup;
			children = (
				3EC51B7325DD289000AA2C06 /* FeedImage.swift */,
				3EC51B7725DD2A2100AA2C06 /* FeedLoader.swift */,
			);
			path = "Feed Feature";
			sourceTree = "<group>";
		};
		3EC51B8C25DD889600AA2C06 /* Feed API */ = {
			isa = PBXGroup;
			children = (
				3EC51B8D25DD88BC00AA2C06 /* RemoteFeedLoader.swift */,
				3EC51B9725E4D86200AA2C06 /* FeedItemsMapper.swift */,
				3E0DA86D25EE08840051D4A3 /* RemoteFeedItem.swift */,
				3EC51B9325E4D69400AA2C06 /* HTTPClient.swift */,
				3EC51BB125E56D0800AA2C06 /* URLSessionHTTPClient.swift */,
			);
			path = "Feed API";
			sourceTree = "<group>";
		};
		3EC51B9D25E5024900AA2C06 /* Feed API */ = {
			isa = PBXGroup;
			children = (
				3EC51B8425DD2D5600AA2C06 /* LoadFeedFromRemoteUseCaseTests.swift */,
				3EC51BA025E518BA00AA2C06 /* URLSessionHTTPClientTests.swift */,
			);
			path = "Feed API";
			sourceTree = "<group>";
		};
		3EC51BA425E54E1D00AA2C06 /* Helpers */ = {
			isa = PBXGroup;
			children = (
				3EC51BAD25E54E6700AA2C06 /* XCTestCase+MemoryLeakTracking.swift */,
				3E6C71E325EF48E300962C89 /* SharedTestHelpers.swift */,
			);
			path = Helpers;
			sourceTree = "<group>";
		};
		3EC51BBA25E61E3400AA2C06 /* EssentialFeedAPIEndToEndTests */ = {
			isa = PBXGroup;
			children = (
				3EC51BBB25E61E3400AA2C06 /* EssentialFeedAPIEndToEndTests.swift */,
				3EC51BBD25E61E3400AA2C06 /* Info.plist */,
			);
			path = EssentialFeedAPIEndToEndTests;
			sourceTree = "<group>";
		};
		3EC51BD625ED2B5E00AA2C06 /* Feed Cache */ = {
			isa = PBXGroup;
			children = (
				3E6C71D025EE42B300962C89 /* Helpers */,
				3E6C720125F1565F00962C89 /* FeedStoreSpecs */,
				3EC51BD725ED2B8C00AA2C06 /* CacheFeedUseCaseTests.swift */,
				3E8F374625EE413F005EEDF9 /* LoadFeedFromCacheUseCaseTests.swift */,
				3E6C71D925EF438E00962C89 /* ValidateFeedCacheUseCaseTests.swift */,
				3E6C71ED25F0970B00962C89 /* CodableFeedStoreTests.swift */,
				3E13CEDD25F4F39000892360 /* CoreDataFeedStoreTests.swift */,
				3E00B18B25F7E51C00B1036F /* RuntimeFeedStoreTests.swift */,
			);
			path = "Feed Cache";
			sourceTree = "<group>";
		};
		772343F12619B9A7000B9E8A /* Feed Presentation */ = {
			isa = PBXGroup;
			children = (
				772343F72619B9DF000B9E8A /* FeedPresenterTests.swift */,
			);
			path = "Feed Presentation";
			sourceTree = "<group>";
		};
		77E071292615BD2B00ECD8F3 /* Feed Presentation */ = {
			isa = PBXGroup;
			children = (
				77E0712A2615BD4300ECD8F3 /* FeedLocalizationTests.swift */,
			);
			path = "Feed Presentation";
			sourceTree = "<group>";
		};
/* End PBXGroup section */

/* Begin PBXHeadersBuildPhase section */
		3E7B345625FA6946003D1438 /* Headers */ = {
			isa = PBXHeadersBuildPhase;
			buildActionMask = 2147483647;
			files = (
			);
			runOnlyForDeploymentPostprocessing = 0;
		};
		3EC51B5225DD281F00AA2C06 /* Headers */ = {
			isa = PBXHeadersBuildPhase;
			buildActionMask = 2147483647;
			files = (
				3EC51B6825DD281F00AA2C06 /* EssentialFeed.h in Headers */,
			);
			runOnlyForDeploymentPostprocessing = 0;
		};
/* End PBXHeadersBuildPhase section */

/* Begin PBXNativeTarget section */
		3E13CF0325F780E800892360 /* EssentialFeedCacheIntegrationTests */ = {
			isa = PBXNativeTarget;
			buildConfigurationList = 3E13CF0E25F780E900892360 /* Build configuration list for PBXNativeTarget "EssentialFeedCacheIntegrationTests" */;
			buildPhases = (
				3E13CF0025F780E800892360 /* Sources */,
				3E13CF0125F780E800892360 /* Frameworks */,
				3E13CF0225F780E800892360 /* Resources */,
			);
			buildRules = (
			);
			dependencies = (
				3E13CF0B25F780E900892360 /* PBXTargetDependency */,
			);
			name = EssentialFeedCacheIntegrationTests;
			productName = EssentialFeedCacheIntegrationTests;
			productReference = 3E13CF0425F780E800892360 /* EssentialFeedCacheIntegrationTests.xctest */;
			productType = "com.apple.product-type.bundle.unit-test";
		};
		3E7B345A25FA6946003D1438 /* EssentialFeediOS */ = {
			isa = PBXNativeTarget;
			buildConfigurationList = 3E7B347025FA6947003D1438 /* Build configuration list for PBXNativeTarget "EssentialFeediOS" */;
			buildPhases = (
				3E7B345625FA6946003D1438 /* Headers */,
				3E7B345725FA6946003D1438 /* Sources */,
				3E7B345825FA6946003D1438 /* Frameworks */,
				3E7B345925FA6946003D1438 /* Resources */,
				3E7B34E925FD30E2003D1438 /* Embed Frameworks */,
			);
			buildRules = (
			);
			dependencies = (
				3E7B34E825FD30E2003D1438 /* PBXTargetDependency */,
			);
			name = EssentialFeediOS;
			productName = EssentialFeediOS;
			productReference = 3E7B345B25FA6946003D1438 /* EssentialFeediOS.framework */;
			productType = "com.apple.product-type.framework";
		};
		3E7B346225FA6947003D1438 /* EssentialFeediOSTests */ = {
			isa = PBXNativeTarget;
			buildConfigurationList = 3E7B347125FA6947003D1438 /* Build configuration list for PBXNativeTarget "EssentialFeediOSTests" */;
			buildPhases = (
				3E7B345F25FA6947003D1438 /* Sources */,
				3E7B346025FA6947003D1438 /* Frameworks */,
				3E7B346125FA6947003D1438 /* Resources */,
			);
			buildRules = (
			);
			dependencies = (
				3E7B346625FA6947003D1438 /* PBXTargetDependency */,
			);
			name = EssentialFeediOSTests;
			productName = EssentialFeediOSTests;
			productReference = 3E7B346325FA6947003D1438 /* EssentialFeediOSTests.xctest */;
			productType = "com.apple.product-type.bundle.unit-test";
		};
		3EC51B5625DD281F00AA2C06 /* EssentialFeed */ = {
			isa = PBXNativeTarget;
			buildConfigurationList = 3EC51B6B25DD281F00AA2C06 /* Build configuration list for PBXNativeTarget "EssentialFeed" */;
			buildPhases = (
				3EC51B5225DD281F00AA2C06 /* Headers */,
				3EC51B5325DD281F00AA2C06 /* Sources */,
				3EC51B5425DD281F00AA2C06 /* Frameworks */,
				3EC51B5525DD281F00AA2C06 /* Resources */,
			);
			buildRules = (
			);
			dependencies = (
			);
			name = EssentialFeed;
			productName = EssentialFeed;
			productReference = 3EC51B5725DD281F00AA2C06 /* EssentialFeed.framework */;
			productType = "com.apple.product-type.framework";
		};
		3EC51B5F25DD281F00AA2C06 /* EssentialFeedTests */ = {
			isa = PBXNativeTarget;
			buildConfigurationList = 3EC51B6E25DD281F00AA2C06 /* Build configuration list for PBXNativeTarget "EssentialFeedTests" */;
			buildPhases = (
				3EC51B5C25DD281F00AA2C06 /* Sources */,
				3EC51B5D25DD281F00AA2C06 /* Frameworks */,
				3EC51B5E25DD281F00AA2C06 /* Resources */,
			);
			buildRules = (
			);
			dependencies = (
				3EC51B6325DD281F00AA2C06 /* PBXTargetDependency */,
			);
			name = EssentialFeedTests;
			productName = EssentialFeedTests;
			productReference = 3EC51B6025DD281F00AA2C06 /* EssentialFeedTests.xctest */;
			productType = "com.apple.product-type.bundle.unit-test";
		};
		3EC51BB825E61E3400AA2C06 /* EssentialFeedAPIEndToEndTests */ = {
			isa = PBXNativeTarget;
			buildConfigurationList = 3EC51BC125E61E3400AA2C06 /* Build configuration list for PBXNativeTarget "EssentialFeedAPIEndToEndTests" */;
			buildPhases = (
				3EC51BB525E61E3400AA2C06 /* Sources */,
				3EC51BB625E61E3400AA2C06 /* Frameworks */,
				3EC51BB725E61E3400AA2C06 /* Resources */,
			);
			buildRules = (
			);
			dependencies = (
				3EC51BC025E61E3400AA2C06 /* PBXTargetDependency */,
			);
			name = EssentialFeedAPIEndToEndTests;
			productName = EssentialFeedAPIEndToEndTests;
			productReference = 3EC51BB925E61E3400AA2C06 /* EssentialFeedAPIEndToEndTests.xctest */;
			productType = "com.apple.product-type.bundle.unit-test";
		};
/* End PBXNativeTarget section */

/* Begin PBXProject section */
		3EC51B4E25DD281F00AA2C06 /* Project object */ = {
			isa = PBXProject;
			attributes = {
				LastSwiftUpdateCheck = 1240;
				LastUpgradeCheck = 1240;
				TargetAttributes = {
					3E13CF0325F780E800892360 = {
						CreatedOnToolsVersion = 12.4;
					};
					3E7B345A25FA6946003D1438 = {
						CreatedOnToolsVersion = 12.4;
						LastSwiftMigration = 1240;
					};
					3E7B346225FA6947003D1438 = {
						CreatedOnToolsVersion = 12.4;
						LastSwiftMigration = 1240;
					};
					3EC51B5625DD281F00AA2C06 = {
						CreatedOnToolsVersion = 12.4;
						LastSwiftMigration = 1240;
					};
					3EC51B5F25DD281F00AA2C06 = {
						CreatedOnToolsVersion = 12.4;
					};
					3EC51BB825E61E3400AA2C06 = {
						CreatedOnToolsVersion = 12.4;
					};
				};
			};
			buildConfigurationList = 3EC51B5125DD281F00AA2C06 /* Build configuration list for PBXProject "EssentialFeed" */;
			compatibilityVersion = "Xcode 9.3";
			developmentRegion = en;
			hasScannedForEncodings = 0;
			knownRegions = (
				en,
				Base,
				"pt-BR",
				el,
			);
			mainGroup = 3EC51B4D25DD281E00AA2C06;
			productRefGroup = 3EC51B5825DD281F00AA2C06 /* Products */;
			projectDirPath = "";
			projectRoot = "";
			targets = (
				3EC51B5625DD281F00AA2C06 /* EssentialFeed */,
				3EC51B5F25DD281F00AA2C06 /* EssentialFeedTests */,
				3EC51BB825E61E3400AA2C06 /* EssentialFeedAPIEndToEndTests */,
				3E13CF0325F780E800892360 /* EssentialFeedCacheIntegrationTests */,
				3E7B345A25FA6946003D1438 /* EssentialFeediOS */,
				3E7B346225FA6947003D1438 /* EssentialFeediOSTests */,
			);
		};
/* End PBXProject section */

/* Begin PBXResourcesBuildPhase section */
		3E13CF0225F780E800892360 /* Resources */ = {
			isa = PBXResourcesBuildPhase;
			buildActionMask = 2147483647;
			files = (
			);
			runOnlyForDeploymentPostprocessing = 0;
		};
		3E7B345925FA6946003D1438 /* Resources */ = {
			isa = PBXResourcesBuildPhase;
			buildActionMask = 2147483647;
			files = (
				77E070B52614B7E800ECD8F3 /* Feed.storyboard in Resources */,
				77E070BC2614B88100ECD8F3 /* Feed.xcassets in Resources */,
				77E0711A2615BBF500ECD8F3 /* Feed.strings in Resources */,
			);
			runOnlyForDeploymentPostprocessing = 0;
		};
		3E7B346125FA6947003D1438 /* Resources */ = {
			isa = PBXResourcesBuildPhase;
			buildActionMask = 2147483647;
			files = (
			);
			runOnlyForDeploymentPostprocessing = 0;
		};
		3EC51B5525DD281F00AA2C06 /* Resources */ = {
			isa = PBXResourcesBuildPhase;
			buildActionMask = 2147483647;
			files = (
			);
			runOnlyForDeploymentPostprocessing = 0;
		};
		3EC51B5E25DD281F00AA2C06 /* Resources */ = {
			isa = PBXResourcesBuildPhase;
			buildActionMask = 2147483647;
			files = (
			);
			runOnlyForDeploymentPostprocessing = 0;
		};
		3EC51BB725E61E3400AA2C06 /* Resources */ = {
			isa = PBXResourcesBuildPhase;
			buildActionMask = 2147483647;
			files = (
			);
			runOnlyForDeploymentPostprocessing = 0;
		};
/* End PBXResourcesBuildPhase section */

/* Begin PBXSourcesBuildPhase section */
		3E13CF0025F780E800892360 /* Sources */ = {
			isa = PBXSourcesBuildPhase;
			buildActionMask = 2147483647;
			files = (
				3E13CF1D25F78A0F00892360 /* SharedTestHelpers.swift in Sources */,
				3E13CF0725F780E900892360 /* EssentialFeedCacheIntegrationTests.swift in Sources */,
				3E13CF1825F789F400892360 /* FeedCacheTestHelpers.swift in Sources */,
				3E13CF1325F783EB00892360 /* XCTestCase+MemoryLeakTracking.swift in Sources */,
			);
			runOnlyForDeploymentPostprocessing = 0;
		};
		3E7B345725FA6946003D1438 /* Sources */ = {
			isa = PBXSourcesBuildPhase;
			buildActionMask = 2147483647;
			files = (
				3E7B369F2600FCA3003D1438 /* FeedPresenter.swift in Sources */,
				3E7B34DD25FCDDB9003D1438 /* UIView+Shimmering.swift in Sources */,
				3E4E772E2609FC65003F7C00 /* FeedImageViewModel.swift in Sources */,
				77E070C82614C94500ECD8F3 /* UITableView+Dequeueing.swift in Sources */,
				3E7B351E25FE821C003D1438 /* FeedImageDataModel.swift in Sources */,
				3E7B34CD25FB4441003D1438 /* FeedViewController.swift in Sources */,
				3E4E754126020669003F7C00 /* FeedViewModel.swift in Sources */,
				77E070D42614CA6500ECD8F3 /* UIImageView+Animations.swift in Sources */,
				77EFADB22618760A005C3822 /* MainQueueDispatchDecorator.swift in Sources */,
				3E7B34D525FC78E4003D1438 /* FeedImageCell.swift in Sources */,
				3E4E753526020626003F7C00 /* FeedLoadingViewModel.swift in Sources */,
				3E7B359925FF21CD003D1438 /* FeedImageCellController.swift in Sources */,
				3E4E754826020878003F7C00 /* FeedImagePresenter.swift in Sources */,
				3E7B35A125FF2A93003D1438 /* FeedUIComposer.swift in Sources */,
			);
			runOnlyForDeploymentPostprocessing = 0;
		};
		3E7B345F25FA6947003D1438 /* Sources */ = {
			isa = PBXSourcesBuildPhase;
			buildActionMask = 2147483647;
			files = (
				3E7B34A025FB2DBD003D1438 /* FeedUIIntegrationTests.swift in Sources */,
				3E7B358B25FE8736003D1438 /* FeedUIIntegrationTests+Assertions.swift in Sources */,
				77E0712B2615BD4300ECD8F3 /* FeedLocalizationTests.swift in Sources */,
				3E7B355725FE844B003D1438 /* UIButton+TestHelpers.swift in Sources */,
				3E7B354F25FE83FD003D1438 /* UIRefreshControl+TestHelpers.swift in Sources */,
				3E7B356325FE848C003D1438 /* UIControl+TestHelpers.swift in Sources */,
				3E7B358425FE86D5003D1438 /* FeedUIIntegrationTests+LoaderSpy.swift in Sources */,
				3E7B357125FE8613003D1438 /* FeedViewController+TestHelpers.swift in Sources */,
				3E7B34C525FB37D0003D1438 /* XCTestCase+MemoryLeakTracking.swift in Sources */,
				3E7B354325FE83AB003D1438 /* UIImage+TestHelpers.swift in Sources */,
				3E7B357D25FE868E003D1438 /* FeedImageCell+TestHelpers.swift in Sources */,
				77E070F62615BA9600ECD8F3 /* FeedUIIntegrationTests+Localization.swift in Sources */,
			);
			runOnlyForDeploymentPostprocessing = 0;
		};
		3EC51B5325DD281F00AA2C06 /* Sources */ = {
			isa = PBXSourcesBuildPhase;
			buildActionMask = 2147483647;
			files = (
				3E13CEF425F6599400892360 /* ManagedCache.swift in Sources */,
				3E13CEE625F656CC00892360 /* FeedStore.xcdatamodeld in Sources */,
				3EC51B9825E4D86200AA2C06 /* FeedItemsMapper.swift in Sources */,
				3EC51B7825DD2A2100AA2C06 /* FeedLoader.swift in Sources */,
				3E0DA86E25EE08840051D4A3 /* RemoteFeedItem.swift in Sources */,
				3E6C71E925EF8D7400962C89 /* FeedCachePolicy.swift in Sources */,
				3E13CEF925F65CD900892360 /* CoreDataFeedStore.swift in Sources */,
				3EC51B8E25DD88BC00AA2C06 /* RemoteFeedLoader.swift in Sources */,
				3E0DA87325EE08D60051D4A3 /* LocalFeedImage.swift in Sources */,
				3E0DA86625EDF6450051D4A3 /* FeedStore.swift in Sources */,
				3E0DA85E25EDF5F50051D4A3 /* LocalFeedLoader.swift in Sources */,
				3E00B19325F7FBCC00B1036F /* RuntimeFeedStore.swift in Sources */,
				3E6C71F325F0F86D00962C89 /* CodableFeedStore.swift in Sources */,
				3EC51B9425E4D69400AA2C06 /* HTTPClient.swift in Sources */,
				3E13CEEF25F6598600892360 /* ManagedFeedImage.swift in Sources */,
				3EC51B7425DD289000AA2C06 /* FeedImage.swift in Sources */,
				3EC51BB225E56D0900AA2C06 /* URLSessionHTTPClient.swift in Sources */,
			);
			runOnlyForDeploymentPostprocessing = 0;
		};
		3EC51B5C25DD281F00AA2C06 /* Sources */ = {
			isa = PBXSourcesBuildPhase;
			buildActionMask = 2147483647;
			files = (
				3E6C71EE25F0970B00962C89 /* CodableFeedStoreTests.swift in Sources */,
				3E6C71DF25EF482100962C89 /* FeedCacheTestHelpers.swift in Sources */,
				3E6C71DA25EF438E00962C89 /* ValidateFeedCacheUseCaseTests.swift in Sources */,
				3EC51B8525DD2D5600AA2C06 /* LoadFeedFromRemoteUseCaseTests.swift in Sources */,
				3EC51BA125E518BA00AA2C06 /* URLSessionHTTPClientTests.swift in Sources */,
				3E6C71D225EE42C800962C89 /* FeedStoreSpy.swift in Sources */,
				3E13CE9C25F1FB7400892360 /* XCTestCase+FailableDeleteFeedStoreSpecs.swift in Sources */,
				3E13CEA125F1FC5300892360 /* XCTestCase+FailableRetrieveFeedStoreSpecs.swift in Sources */,
				3E6C71E425EF48E300962C89 /* SharedTestHelpers.swift in Sources */,
				3E13CE9725F1F99200892360 /* XCTestCase+FailableInsertFeedStoreSpecs.swift in Sources */,
				3EC51BD825ED2B8C00AA2C06 /* CacheFeedUseCaseTests.swift in Sources */,
				3E8F374725EE413F005EEDF9 /* LoadFeedFromCacheUseCaseTests.swift in Sources */,
				3E6C71F825F14DF800962C89 /* FeedStoreSpecs.swift in Sources */,
				3EC51BAE25E54E6700AA2C06 /* XCTestCase+MemoryLeakTracking.swift in Sources */,
				3E00B18C25F7E51C00B1036F /* RuntimeFeedStoreTests.swift in Sources */,
				3E13CEDE25F4F39000892360 /* CoreDataFeedStoreTests.swift in Sources */,
				772343F82619B9DF000B9E8A /* FeedPresenterTests.swift in Sources */,
				3E6C71FD25F14E9B00962C89 /* XCTestCase+FeedStoreSpecs.swift in Sources */,
			);
			runOnlyForDeploymentPostprocessing = 0;
		};
		3EC51BB525E61E3400AA2C06 /* Sources */ = {
			isa = PBXSourcesBuildPhase;
			buildActionMask = 2147483647;
			files = (
				3EC51BBC25E61E3400AA2C06 /* EssentialFeedAPIEndToEndTests.swift in Sources */,
				3EC51BCA25E624BB00AA2C06 /* XCTestCase+MemoryLeakTracking.swift in Sources */,
			);
			runOnlyForDeploymentPostprocessing = 0;
		};
/* End PBXSourcesBuildPhase section */

/* Begin PBXTargetDependency section */
		3E13CF0B25F780E900892360 /* PBXTargetDependency */ = {
			isa = PBXTargetDependency;
			target = 3EC51B5625DD281F00AA2C06 /* EssentialFeed */;
			targetProxy = 3E13CF0A25F780E900892360 /* PBXContainerItemProxy */;
		};
		3E7B346625FA6947003D1438 /* PBXTargetDependency */ = {
			isa = PBXTargetDependency;
			target = 3E7B345A25FA6946003D1438 /* EssentialFeediOS */;
			targetProxy = 3E7B346525FA6947003D1438 /* PBXContainerItemProxy */;
		};
		3E7B34E825FD30E2003D1438 /* PBXTargetDependency */ = {
			isa = PBXTargetDependency;
			platformFilter = ios;
			target = 3EC51B5625DD281F00AA2C06 /* EssentialFeed */;
			targetProxy = 3E7B34E725FD30E2003D1438 /* PBXContainerItemProxy */;
		};
		3EC51B6325DD281F00AA2C06 /* PBXTargetDependency */ = {
			isa = PBXTargetDependency;
			target = 3EC51B5625DD281F00AA2C06 /* EssentialFeed */;
			targetProxy = 3EC51B6225DD281F00AA2C06 /* PBXContainerItemProxy */;
		};
		3EC51BC025E61E3400AA2C06 /* PBXTargetDependency */ = {
			isa = PBXTargetDependency;
			target = 3EC51B5625DD281F00AA2C06 /* EssentialFeed */;
			targetProxy = 3EC51BBF25E61E3400AA2C06 /* PBXContainerItemProxy */;
		};
/* End PBXTargetDependency section */

/* Begin PBXVariantGroup section */
		77E0711C2615BBF500ECD8F3 /* Feed.strings */ = {
			isa = PBXVariantGroup;
			children = (
				77E0711B2615BBF500ECD8F3 /* en */,
				77E071222615BC8E00ECD8F3 /* pt-BR */,
				77E071282615BCDD00ECD8F3 /* el */,
			);
			name = Feed.strings;
			sourceTree = "<group>";
		};
/* End PBXVariantGroup section */

/* Begin XCBuildConfiguration section */
		3E13CF0C25F780E900892360 /* Debug */ = {
			isa = XCBuildConfiguration;
			buildSettings = {
				CODE_SIGN_STYLE = Automatic;
				COMBINE_HIDPI_IMAGES = YES;
				DEVELOPMENT_TEAM = 2GY7TL5G8Y;
				INFOPLIST_FILE = EssentialFeedCacheIntegrationTests/Info.plist;
				IPHONEOS_DEPLOYMENT_TARGET = 14.1;
				LD_RUNPATH_SEARCH_PATHS = (
					"$(inherited)",
					"@executable_path/../Frameworks",
					"@loader_path/../Frameworks",
				);
				PRODUCT_BUNDLE_IDENTIFIER = com.sabius.EssentialFeedCacheIntegrationTests;
				PRODUCT_NAME = "$(TARGET_NAME)";
				SUPPORTED_PLATFORMS = "macosx iphoneos iphonesimulator";
				SWIFT_VERSION = 5.0;
			};
			name = Debug;
		};
		3E13CF0D25F780E900892360 /* Release */ = {
			isa = XCBuildConfiguration;
			buildSettings = {
				CODE_SIGN_STYLE = Automatic;
				COMBINE_HIDPI_IMAGES = YES;
				DEVELOPMENT_TEAM = 2GY7TL5G8Y;
				INFOPLIST_FILE = EssentialFeedCacheIntegrationTests/Info.plist;
				IPHONEOS_DEPLOYMENT_TARGET = 14.1;
				LD_RUNPATH_SEARCH_PATHS = (
					"$(inherited)",
					"@executable_path/../Frameworks",
					"@loader_path/../Frameworks",
				);
				PRODUCT_BUNDLE_IDENTIFIER = com.sabius.EssentialFeedCacheIntegrationTests;
				PRODUCT_NAME = "$(TARGET_NAME)";
				SUPPORTED_PLATFORMS = "macosx iphoneos iphonesimulator";
				SWIFT_VERSION = 5.0;
			};
			name = Release;
		};
		3E7B346C25FA6947003D1438 /* Debug */ = {
			isa = XCBuildConfiguration;
			buildSettings = {
				CLANG_ENABLE_MODULES = YES;
				CODE_SIGN_STYLE = Automatic;
				DEFINES_MODULE = YES;
				DEVELOPMENT_TEAM = 2GY7TL5G8Y;
				DYLIB_COMPATIBILITY_VERSION = 1;
				DYLIB_CURRENT_VERSION = 1;
				DYLIB_INSTALL_NAME_BASE = "@rpath";
				INFOPLIST_FILE = EssentialFeediOS/Info.plist;
				INSTALL_PATH = "$(LOCAL_LIBRARY_DIR)/Frameworks";
				IPHONEOS_DEPLOYMENT_TARGET = 14.1;
				LD_RUNPATH_SEARCH_PATHS = (
					"$(inherited)",
					"@executable_path/Frameworks",
					"@loader_path/Frameworks",
				);
				PRODUCT_BUNDLE_IDENTIFIER = com.sabius.EssentialFeediOS;
				PRODUCT_NAME = "$(TARGET_NAME:c99extidentifier)";
				SDKROOT = iphoneos;
				SKIP_INSTALL = YES;
				SWIFT_OPTIMIZATION_LEVEL = "-Onone";
				SWIFT_VERSION = 5.0;
				TARGETED_DEVICE_FAMILY = "1,2";
			};
			name = Debug;
		};
		3E7B346D25FA6947003D1438 /* Release */ = {
			isa = XCBuildConfiguration;
			buildSettings = {
				CLANG_ENABLE_MODULES = YES;
				CODE_SIGN_STYLE = Automatic;
				DEFINES_MODULE = YES;
				DEVELOPMENT_TEAM = 2GY7TL5G8Y;
				DYLIB_COMPATIBILITY_VERSION = 1;
				DYLIB_CURRENT_VERSION = 1;
				DYLIB_INSTALL_NAME_BASE = "@rpath";
				INFOPLIST_FILE = EssentialFeediOS/Info.plist;
				INSTALL_PATH = "$(LOCAL_LIBRARY_DIR)/Frameworks";
				IPHONEOS_DEPLOYMENT_TARGET = 14.1;
				LD_RUNPATH_SEARCH_PATHS = (
					"$(inherited)",
					"@executable_path/Frameworks",
					"@loader_path/Frameworks",
				);
				PRODUCT_BUNDLE_IDENTIFIER = com.sabius.EssentialFeediOS;
				PRODUCT_NAME = "$(TARGET_NAME:c99extidentifier)";
				SDKROOT = iphoneos;
				SKIP_INSTALL = YES;
				SWIFT_VERSION = 5.0;
				TARGETED_DEVICE_FAMILY = "1,2";
				VALIDATE_PRODUCT = YES;
			};
			name = Release;
		};
		3E7B346E25FA6947003D1438 /* Debug */ = {
			isa = XCBuildConfiguration;
			buildSettings = {
				ALWAYS_EMBED_SWIFT_STANDARD_LIBRARIES = YES;
				CLANG_ENABLE_MODULES = YES;
				CODE_SIGN_STYLE = Automatic;
				DEVELOPMENT_TEAM = 2GY7TL5G8Y;
				INFOPLIST_FILE = EssentialFeediOSTests/Info.plist;
				IPHONEOS_DEPLOYMENT_TARGET = 14.1;
				LD_RUNPATH_SEARCH_PATHS = (
					"$(inherited)",
					"@executable_path/Frameworks",
					"@loader_path/Frameworks",
				);
				PRODUCT_BUNDLE_IDENTIFIER = com.sabius.EssentialFeediOSTests;
				PRODUCT_NAME = "$(TARGET_NAME)";
				SDKROOT = iphoneos;
				SWIFT_OPTIMIZATION_LEVEL = "-Onone";
				SWIFT_VERSION = 5.0;
				TARGETED_DEVICE_FAMILY = "1,2";
			};
			name = Debug;
		};
		3E7B346F25FA6947003D1438 /* Release */ = {
			isa = XCBuildConfiguration;
			buildSettings = {
				ALWAYS_EMBED_SWIFT_STANDARD_LIBRARIES = YES;
				CLANG_ENABLE_MODULES = YES;
				CODE_SIGN_STYLE = Automatic;
				DEVELOPMENT_TEAM = 2GY7TL5G8Y;
				INFOPLIST_FILE = EssentialFeediOSTests/Info.plist;
				IPHONEOS_DEPLOYMENT_TARGET = 14.1;
				LD_RUNPATH_SEARCH_PATHS = (
					"$(inherited)",
					"@executable_path/Frameworks",
					"@loader_path/Frameworks",
				);
				PRODUCT_BUNDLE_IDENTIFIER = com.sabius.EssentialFeediOSTests;
				PRODUCT_NAME = "$(TARGET_NAME)";
				SDKROOT = iphoneos;
				SWIFT_VERSION = 5.0;
				TARGETED_DEVICE_FAMILY = "1,2";
				VALIDATE_PRODUCT = YES;
			};
			name = Release;
		};
		3EC51B6925DD281F00AA2C06 /* Debug */ = {
			isa = XCBuildConfiguration;
			buildSettings = {
				ALWAYS_SEARCH_USER_PATHS = NO;
				CLANG_ANALYZER_LOCALIZABILITY_NONLOCALIZED = YES;
				CLANG_ANALYZER_NONNULL = YES;
				CLANG_ANALYZER_NUMBER_OBJECT_CONVERSION = YES_AGGRESSIVE;
				CLANG_CXX_LANGUAGE_STANDARD = "gnu++14";
				CLANG_CXX_LIBRARY = "libc++";
				CLANG_ENABLE_MODULES = YES;
				CLANG_ENABLE_OBJC_ARC = YES;
				CLANG_ENABLE_OBJC_WEAK = YES;
				CLANG_WARN_BLOCK_CAPTURE_AUTORELEASING = YES;
				CLANG_WARN_BOOL_CONVERSION = YES;
				CLANG_WARN_COMMA = YES;
				CLANG_WARN_CONSTANT_CONVERSION = YES;
				CLANG_WARN_DEPRECATED_OBJC_IMPLEMENTATIONS = YES;
				CLANG_WARN_DIRECT_OBJC_ISA_USAGE = YES_ERROR;
				CLANG_WARN_DOCUMENTATION_COMMENTS = YES;
				CLANG_WARN_EMPTY_BODY = YES;
				CLANG_WARN_ENUM_CONVERSION = YES;
				CLANG_WARN_INFINITE_RECURSION = YES;
				CLANG_WARN_INT_CONVERSION = YES;
				CLANG_WARN_NON_LITERAL_NULL_CONVERSION = YES;
				CLANG_WARN_OBJC_IMPLICIT_RETAIN_SELF = YES;
				CLANG_WARN_OBJC_LITERAL_CONVERSION = YES;
				CLANG_WARN_OBJC_ROOT_CLASS = YES_ERROR;
				CLANG_WARN_QUOTED_INCLUDE_IN_FRAMEWORK_HEADER = YES;
				CLANG_WARN_RANGE_LOOP_ANALYSIS = YES;
				CLANG_WARN_STRICT_PROTOTYPES = YES;
				CLANG_WARN_SUSPICIOUS_MOVE = YES;
				CLANG_WARN_UNGUARDED_AVAILABILITY = YES_AGGRESSIVE;
				CLANG_WARN_UNREACHABLE_CODE = YES;
				CLANG_WARN__DUPLICATE_METHOD_MATCH = YES;
				COPY_PHASE_STRIP = NO;
				CURRENT_PROJECT_VERSION = 1;
				DEBUG_INFORMATION_FORMAT = dwarf;
				ENABLE_STRICT_OBJC_MSGSEND = YES;
				ENABLE_TESTABILITY = YES;
				GCC_C_LANGUAGE_STANDARD = gnu11;
				GCC_DYNAMIC_NO_PIC = NO;
				GCC_NO_COMMON_BLOCKS = YES;
				GCC_OPTIMIZATION_LEVEL = 0;
				GCC_PREPROCESSOR_DEFINITIONS = (
					"DEBUG=1",
					"$(inherited)",
				);
				GCC_WARN_64_TO_32_BIT_CONVERSION = YES;
				GCC_WARN_ABOUT_RETURN_TYPE = YES_ERROR;
				GCC_WARN_UNDECLARED_SELECTOR = YES;
				GCC_WARN_UNINITIALIZED_AUTOS = YES_AGGRESSIVE;
				GCC_WARN_UNUSED_FUNCTION = YES;
				GCC_WARN_UNUSED_VARIABLE = YES;
				MACOSX_DEPLOYMENT_TARGET = 10.15;
				MTL_ENABLE_DEBUG_INFO = INCLUDE_SOURCE;
				MTL_FAST_MATH = YES;
				ONLY_ACTIVE_ARCH = YES;
				SDKROOT = macosx;
				SWIFT_ACTIVE_COMPILATION_CONDITIONS = DEBUG;
				SWIFT_OPTIMIZATION_LEVEL = "-Onone";
				VERSIONING_SYSTEM = "apple-generic";
				VERSION_INFO_PREFIX = "";
			};
			name = Debug;
		};
		3EC51B6A25DD281F00AA2C06 /* Release */ = {
			isa = XCBuildConfiguration;
			buildSettings = {
				ALWAYS_SEARCH_USER_PATHS = NO;
				CLANG_ANALYZER_LOCALIZABILITY_NONLOCALIZED = YES;
				CLANG_ANALYZER_NONNULL = YES;
				CLANG_ANALYZER_NUMBER_OBJECT_CONVERSION = YES_AGGRESSIVE;
				CLANG_CXX_LANGUAGE_STANDARD = "gnu++14";
				CLANG_CXX_LIBRARY = "libc++";
				CLANG_ENABLE_MODULES = YES;
				CLANG_ENABLE_OBJC_ARC = YES;
				CLANG_ENABLE_OBJC_WEAK = YES;
				CLANG_WARN_BLOCK_CAPTURE_AUTORELEASING = YES;
				CLANG_WARN_BOOL_CONVERSION = YES;
				CLANG_WARN_COMMA = YES;
				CLANG_WARN_CONSTANT_CONVERSION = YES;
				CLANG_WARN_DEPRECATED_OBJC_IMPLEMENTATIONS = YES;
				CLANG_WARN_DIRECT_OBJC_ISA_USAGE = YES_ERROR;
				CLANG_WARN_DOCUMENTATION_COMMENTS = YES;
				CLANG_WARN_EMPTY_BODY = YES;
				CLANG_WARN_ENUM_CONVERSION = YES;
				CLANG_WARN_INFINITE_RECURSION = YES;
				CLANG_WARN_INT_CONVERSION = YES;
				CLANG_WARN_NON_LITERAL_NULL_CONVERSION = YES;
				CLANG_WARN_OBJC_IMPLICIT_RETAIN_SELF = YES;
				CLANG_WARN_OBJC_LITERAL_CONVERSION = YES;
				CLANG_WARN_OBJC_ROOT_CLASS = YES_ERROR;
				CLANG_WARN_QUOTED_INCLUDE_IN_FRAMEWORK_HEADER = YES;
				CLANG_WARN_RANGE_LOOP_ANALYSIS = YES;
				CLANG_WARN_STRICT_PROTOTYPES = YES;
				CLANG_WARN_SUSPICIOUS_MOVE = YES;
				CLANG_WARN_UNGUARDED_AVAILABILITY = YES_AGGRESSIVE;
				CLANG_WARN_UNREACHABLE_CODE = YES;
				CLANG_WARN__DUPLICATE_METHOD_MATCH = YES;
				COPY_PHASE_STRIP = NO;
				CURRENT_PROJECT_VERSION = 1;
				DEBUG_INFORMATION_FORMAT = "dwarf-with-dsym";
				ENABLE_NS_ASSERTIONS = NO;
				ENABLE_STRICT_OBJC_MSGSEND = YES;
				GCC_C_LANGUAGE_STANDARD = gnu11;
				GCC_NO_COMMON_BLOCKS = YES;
				GCC_WARN_64_TO_32_BIT_CONVERSION = YES;
				GCC_WARN_ABOUT_RETURN_TYPE = YES_ERROR;
				GCC_WARN_UNDECLARED_SELECTOR = YES;
				GCC_WARN_UNINITIALIZED_AUTOS = YES_AGGRESSIVE;
				GCC_WARN_UNUSED_FUNCTION = YES;
				GCC_WARN_UNUSED_VARIABLE = YES;
				MACOSX_DEPLOYMENT_TARGET = 10.15;
				MTL_ENABLE_DEBUG_INFO = NO;
				MTL_FAST_MATH = YES;
				SDKROOT = macosx;
				SWIFT_COMPILATION_MODE = wholemodule;
				SWIFT_OPTIMIZATION_LEVEL = "-O";
				VERSIONING_SYSTEM = "apple-generic";
				VERSION_INFO_PREFIX = "";
			};
			name = Release;
		};
		3EC51B6C25DD281F00AA2C06 /* Debug */ = {
			isa = XCBuildConfiguration;
			buildSettings = {
				CLANG_ENABLE_MODULES = YES;
				CODE_SIGN_STYLE = Automatic;
				COMBINE_HIDPI_IMAGES = YES;
				DEFINES_MODULE = YES;
				DEVELOPMENT_TEAM = 2GY7TL5G8Y;
				DYLIB_COMPATIBILITY_VERSION = 1;
				DYLIB_CURRENT_VERSION = 1;
				DYLIB_INSTALL_NAME_BASE = "@rpath";
				INFOPLIST_FILE = EssentialFeed/Info.plist;
				INSTALL_PATH = "$(LOCAL_LIBRARY_DIR)/Frameworks";
				IPHONEOS_DEPLOYMENT_TARGET = 14.1;
				LD_RUNPATH_SEARCH_PATHS = (
					"$(inherited)",
					"@executable_path/../Frameworks",
					"@loader_path/Frameworks",
				);
				PRODUCT_BUNDLE_IDENTIFIER = com.sabius.EssentialFeed;
				PRODUCT_NAME = "$(TARGET_NAME:c99extidentifier)";
				SKIP_INSTALL = YES;
				SUPPORTED_PLATFORMS = "macosx iphoneos iphonesimulator";
				SWIFT_OPTIMIZATION_LEVEL = "-Onone";
				SWIFT_VERSION = 5.0;
			};
			name = Debug;
		};
		3EC51B6D25DD281F00AA2C06 /* Release */ = {
			isa = XCBuildConfiguration;
			buildSettings = {
				CLANG_ENABLE_MODULES = YES;
				CODE_SIGN_STYLE = Automatic;
				COMBINE_HIDPI_IMAGES = YES;
				DEFINES_MODULE = YES;
				DEVELOPMENT_TEAM = 2GY7TL5G8Y;
				DYLIB_COMPATIBILITY_VERSION = 1;
				DYLIB_CURRENT_VERSION = 1;
				DYLIB_INSTALL_NAME_BASE = "@rpath";
				INFOPLIST_FILE = EssentialFeed/Info.plist;
				INSTALL_PATH = "$(LOCAL_LIBRARY_DIR)/Frameworks";
				IPHONEOS_DEPLOYMENT_TARGET = 14.1;
				LD_RUNPATH_SEARCH_PATHS = (
					"$(inherited)",
					"@executable_path/../Frameworks",
					"@loader_path/Frameworks",
				);
				PRODUCT_BUNDLE_IDENTIFIER = com.sabius.EssentialFeed;
				PRODUCT_NAME = "$(TARGET_NAME:c99extidentifier)";
				SKIP_INSTALL = YES;
				SUPPORTED_PLATFORMS = "macosx iphoneos iphonesimulator";
				SWIFT_VERSION = 5.0;
			};
			name = Release;
		};
		3EC51B6F25DD281F00AA2C06 /* Debug */ = {
			isa = XCBuildConfiguration;
			buildSettings = {
				ALWAYS_EMBED_SWIFT_STANDARD_LIBRARIES = YES;
				CODE_SIGN_STYLE = Automatic;
				COMBINE_HIDPI_IMAGES = YES;
				DEVELOPMENT_TEAM = 2GY7TL5G8Y;
				INFOPLIST_FILE = EssentialFeedTests/Info.plist;
				IPHONEOS_DEPLOYMENT_TARGET = 14.1;
				LD_RUNPATH_SEARCH_PATHS = (
					"$(inherited)",
					"@executable_path/../Frameworks",
					"@loader_path/../Frameworks",
				);
				PRODUCT_BUNDLE_IDENTIFIER = com.sabius.EssentialFeedTests;
				PRODUCT_NAME = "$(TARGET_NAME)";
				SUPPORTED_PLATFORMS = "macosx iphoneos iphonesimulator";
				SWIFT_VERSION = 5.0;
			};
			name = Debug;
		};
		3EC51B7025DD281F00AA2C06 /* Release */ = {
			isa = XCBuildConfiguration;
			buildSettings = {
				ALWAYS_EMBED_SWIFT_STANDARD_LIBRARIES = YES;
				CODE_SIGN_STYLE = Automatic;
				COMBINE_HIDPI_IMAGES = YES;
				DEVELOPMENT_TEAM = 2GY7TL5G8Y;
				INFOPLIST_FILE = EssentialFeedTests/Info.plist;
				IPHONEOS_DEPLOYMENT_TARGET = 14.1;
				LD_RUNPATH_SEARCH_PATHS = (
					"$(inherited)",
					"@executable_path/../Frameworks",
					"@loader_path/../Frameworks",
				);
				PRODUCT_BUNDLE_IDENTIFIER = com.sabius.EssentialFeedTests;
				PRODUCT_NAME = "$(TARGET_NAME)";
				SUPPORTED_PLATFORMS = "macosx iphoneos iphonesimulator";
				SWIFT_VERSION = 5.0;
			};
			name = Release;
		};
		3EC51BC225E61E3400AA2C06 /* Debug */ = {
			isa = XCBuildConfiguration;
			buildSettings = {
				CODE_SIGN_STYLE = Automatic;
				COMBINE_HIDPI_IMAGES = YES;
				DEVELOPMENT_TEAM = 2GY7TL5G8Y;
				INFOPLIST_FILE = EssentialFeedAPIEndToEndTests/Info.plist;
				IPHONEOS_DEPLOYMENT_TARGET = 14.1;
				LD_RUNPATH_SEARCH_PATHS = (
					"$(inherited)",
					"@executable_path/../Frameworks",
					"@loader_path/../Frameworks",
				);
				PRODUCT_BUNDLE_IDENTIFIER = com.sabius.EssentialFeedAPIEndToEndTests;
				PRODUCT_NAME = "$(TARGET_NAME)";
				SUPPORTED_PLATFORMS = "macosx iphoneos iphonesimulator";
				SWIFT_VERSION = 5.0;
			};
			name = Debug;
		};
		3EC51BC325E61E3400AA2C06 /* Release */ = {
			isa = XCBuildConfiguration;
			buildSettings = {
				CODE_SIGN_STYLE = Automatic;
				COMBINE_HIDPI_IMAGES = YES;
				DEVELOPMENT_TEAM = 2GY7TL5G8Y;
				INFOPLIST_FILE = EssentialFeedAPIEndToEndTests/Info.plist;
				IPHONEOS_DEPLOYMENT_TARGET = 14.1;
				LD_RUNPATH_SEARCH_PATHS = (
					"$(inherited)",
					"@executable_path/../Frameworks",
					"@loader_path/../Frameworks",
				);
				PRODUCT_BUNDLE_IDENTIFIER = com.sabius.EssentialFeedAPIEndToEndTests;
				PRODUCT_NAME = "$(TARGET_NAME)";
				SUPPORTED_PLATFORMS = "macosx iphoneos iphonesimulator";
				SWIFT_VERSION = 5.0;
			};
			name = Release;
		};
/* End XCBuildConfiguration section */

/* Begin XCConfigurationList section */
		3E13CF0E25F780E900892360 /* Build configuration list for PBXNativeTarget "EssentialFeedCacheIntegrationTests" */ = {
			isa = XCConfigurationList;
			buildConfigurations = (
				3E13CF0C25F780E900892360 /* Debug */,
				3E13CF0D25F780E900892360 /* Release */,
			);
			defaultConfigurationIsVisible = 0;
			defaultConfigurationName = Release;
		};
		3E7B347025FA6947003D1438 /* Build configuration list for PBXNativeTarget "EssentialFeediOS" */ = {
			isa = XCConfigurationList;
			buildConfigurations = (
				3E7B346C25FA6947003D1438 /* Debug */,
				3E7B346D25FA6947003D1438 /* Release */,
			);
			defaultConfigurationIsVisible = 0;
			defaultConfigurationName = Release;
		};
		3E7B347125FA6947003D1438 /* Build configuration list for PBXNativeTarget "EssentialFeediOSTests" */ = {
			isa = XCConfigurationList;
			buildConfigurations = (
				3E7B346E25FA6947003D1438 /* Debug */,
				3E7B346F25FA6947003D1438 /* Release */,
			);
			defaultConfigurationIsVisible = 0;
			defaultConfigurationName = Release;
		};
		3EC51B5125DD281F00AA2C06 /* Build configuration list for PBXProject "EssentialFeed" */ = {
			isa = XCConfigurationList;
			buildConfigurations = (
				3EC51B6925DD281F00AA2C06 /* Debug */,
				3EC51B6A25DD281F00AA2C06 /* Release */,
			);
			defaultConfigurationIsVisible = 0;
			defaultConfigurationName = Release;
		};
		3EC51B6B25DD281F00AA2C06 /* Build configuration list for PBXNativeTarget "EssentialFeed" */ = {
			isa = XCConfigurationList;
			buildConfigurations = (
				3EC51B6C25DD281F00AA2C06 /* Debug */,
				3EC51B6D25DD281F00AA2C06 /* Release */,
			);
			defaultConfigurationIsVisible = 0;
			defaultConfigurationName = Release;
		};
		3EC51B6E25DD281F00AA2C06 /* Build configuration list for PBXNativeTarget "EssentialFeedTests" */ = {
			isa = XCConfigurationList;
			buildConfigurations = (
				3EC51B6F25DD281F00AA2C06 /* Debug */,
				3EC51B7025DD281F00AA2C06 /* Release */,
			);
			defaultConfigurationIsVisible = 0;
			defaultConfigurationName = Release;
		};
		3EC51BC125E61E3400AA2C06 /* Build configuration list for PBXNativeTarget "EssentialFeedAPIEndToEndTests" */ = {
			isa = XCConfigurationList;
			buildConfigurations = (
				3EC51BC225E61E3400AA2C06 /* Debug */,
				3EC51BC325E61E3400AA2C06 /* Release */,
			);
			defaultConfigurationIsVisible = 0;
			defaultConfigurationName = Release;
		};
/* End XCConfigurationList section */

/* Begin XCVersionGroup section */
		3E13CEE425F656CB00892360 /* FeedStore.xcdatamodeld */ = {
			isa = XCVersionGroup;
			children = (
				3E13CEE525F656CB00892360 /* FeedStore.xcdatamodel */,
			);
			currentVersion = 3E13CEE525F656CB00892360 /* FeedStore.xcdatamodel */;
			path = FeedStore.xcdatamodeld;
			sourceTree = "<group>";
			versionGroupType = wrapper.xcdatamodel;
		};
/* End XCVersionGroup section */
	};
	rootObject = 3EC51B4E25DD281F00AA2C06 /* Project object */;
}
